<?xml version="1.0" encoding="utf-8"?>
<Project ToolsVersion="4.0" xmlns="http://schemas.microsoft.com/developer/msbuild/2003">
  <ItemGroup>
    <Filter Include="Source Files">
      <UniqueIdentifier>{4FC737F1-C7A5-4376-A066-2A32D752A2FF}</UniqueIdentifier>
      <Extensions>cpp;c;cc;cxx;def;odl;idl;hpj;bat;asm;asmx</Extensions>
    </Filter>
    <Filter Include="Header Files">
      <UniqueIdentifier>{93995380-89BD-4b04-88EB-625FBE52EBFB}</UniqueIdentifier>
      <Extensions>h;hpp;hxx;hm;inl;inc;xsd</Extensions>
    </Filter>
    <Filter Include="Resource Files">
      <UniqueIdentifier>{67DA6AB6-F800-4c08-8B7A-83BB121AAD01}</UniqueIdentifier>
      <Extensions>rc;ico;cur;bmp;dlg;rc2;rct;bin;rgs;gif;jpg;jpeg;jpe;resx;tiff;tif;png;wav;mfcribbon-ms</Extensions>
    </Filter>
    <Filter Include="bat">
      <UniqueIdentifier>{d28830be-4e3d-439c-bca3-ad557d9e0004}</UniqueIdentifier>
    </Filter>
    <Filter Include="bat\Animation8">
      <UniqueIdentifier>{5890ee45-63b5-45a3-b84c-58267f1567fb}</UniqueIdentifier>
    </Filter>
    <Filter Include="Source Files\Languages">
      <UniqueIdentifier>{221da240-ff13-4fd1-93ad-41f68ab9867b}</UniqueIdentifier>
    </Filter>
    <Filter Include="Source Files\Decompression">
      <UniqueIdentifier>{c0fd04f9-3a22-4a8b-8585-3c47b0543e40}</UniqueIdentifier>
    </Filter>
    <Filter Include="Source Files\stdlib">
      <UniqueIdentifier>{b3bf9c99-e10d-4296-8160-2513b23cc538}</UniqueIdentifier>
    </Filter>
    <Filter Include="bat\Animation10">
      <UniqueIdentifier>{6851eee8-3d69-4250-89a5-1494d4c5c83b}</UniqueIdentifier>
    </Filter>
    <Filter Include="bat\Animation11">
      <UniqueIdentifier>{f6fbfb30-8aab-4c72-9dc3-a076a5b4aa80}</UniqueIdentifier>
    </Filter>
  </ItemGroup>
  <ItemGroup>
    <None Include="AnimationBitmap.a">
      <Filter>Source Files</Filter>
    </None>
    <None Include="..\Animation\DeltaDecompression.a">
      <Filter>Source Files</Filter>
    </None>
    <None Include="..\Animation\DeltaDecompressionMacros.a">
      <Filter>Source Files</Filter>
    </None>
    <None Include="FadeTableColours.a">
      <Filter>Source Files</Filter>
    </None>
    <None Include="FadeScreen.a">
      <Filter>Source Files</Filter>
    </None>
    <None Include="..\stdlib\stdlib.a">
      <Filter>Header Files</Filter>
    </None>
    <None Include="..\stdlib\MemoryCopy.a">
      <Filter>Header Files</Filter>
    </None>
    <None Include="SpriteSheet.a">
      <Filter>Source Files</Filter>
    </None>
    <None Include="Timeline.a">
      <Filter>Source Files</Filter>
    </None>
    <None Include="..\MakeCart\asm\EasyFlash.a">
      <Filter>Header Files</Filter>
    </None>
    <None Include="..\MakeCart\asm\EasyFlash_Code.a">
      <Filter>Header Files</Filter>
    </None>
    <None Include="..\MakeCart\asm\EasyFlash_Macros.a">
      <Filter>Header Files</Filter>
    </None>
    <None Include="..\MakeCart\asm\GMod2_Code.a">
      <Filter>Header Files</Filter>
    </None>
    <None Include="..\MakeCart\asm\GMod2_Macros.a">
      <Filter>Header Files</Filter>
    </None>
    <None Include="FontPlot2x2.a">
      <Filter>Source Files</Filter>
    </None>
    <None Include="FontPlot1x1.a">
      <Filter>Source Files</Filter>
    </None>
    <None Include="TimelineEvents.a">
      <Filter>Source Files</Filter>
    </None>
    <None Include="AnimationBitmap2.a">
      <Filter>Source Files</Filter>
    </None>
    <None Include="BuildIt.bat">
      <Filter>bat</Filter>
    </None>
    <None Include="BuildIt2.bat">
      <Filter>bat</Filter>
    </None>
    <None Include="Conv.bat">
      <Filter>bat</Filter>
    </None>
    <None Include="Conv2.bat">
      <Filter>bat</Filter>
    </None>
    <None Include="Conv2_10.bat">
      <Filter>bat</Filter>
    </None>
    <None Include="Conv2_6.bat">
      <Filter>bat</Filter>
    </None>
    <None Include="ConvDelta.bat">
      <Filter>bat</Filter>
    </None>
    <None Include="ConvDelta2.bat">
      <Filter>bat</Filter>
    </None>
    <None Include="ConvDelta2_10.bat">
      <Filter>bat</Filter>
    </None>
    <None Include="ConvFrame.bat">
      <Filter>bat</Filter>
    </None>
    <None Include="ConvFrame2.bat">
      <Filter>bat</Filter>
    </None>
    <None Include="ConvFrame2h.bat">
      <Filter>bat</Filter>
    </None>
    <None Include="ConvPrint.bat">
      <Filter>bat</Filter>
    </None>
    <None Include="ConvDeltaOpt.bat">
      <Filter>bat</Filter>
    </None>
    <None Include="Animation8\conv.bat">
      <Filter>bat\Animation8</Filter>
    </None>
    <None Include="Animation8\convTest.bat">
      <Filter>bat\Animation8</Filter>
    </None>
    <None Include="AnimationBitmapPre.a">
      <Filter>Source Files</Filter>
    </None>
    <None Include="TimelineMacros.a">
      <Filter>Source Files</Filter>
    </None>
    <None Include="ConvDeltaWait.bat">
      <Filter>bat</Filter>
    </None>
    <None Include="ConvFrame_FO.bat">
      <Filter>bat</Filter>
    </None>
    <None Include="TextTable.a">
      <Filter>Source Files</Filter>
    </None>
    <None Include="TextEnglish.a">
      <Filter>Source Files\Languages</Filter>
    </None>
    <None Include="TextFrench.a">
      <Filter>Source Files\Languages</Filter>
    </None>
    <None Include="TextItalian.a">
      <Filter>Source Files\Languages</Filter>
    </None>
    <None Include="TextGerman.a">
      <Filter>Source Files\Languages</Filter>
    </None>
    <None Include="TextSpanish.a">
      <Filter>Source Files\Languages</Filter>
    </None>
    <None Include="..\Decompression\TestDecompression3CyberLoad.a">
      <Filter>Source Files\Decompression</Filter>
    </None>
    <None Include="CreditsEvents.a">
      <Filter>Source Files</Filter>
    </None>
    <None Include="EndLogic_Outro.a">
      <Filter>Source Files</Filter>
    </None>
    <None Include="EndLogic.a">
      <Filter>Source Files</Filter>
    </None>
    <None Include="TextEnglishNoTranslate.a">
      <Filter>Source Files\Languages</Filter>
    </None>
    <None Include="TextTableMacros.a">
      <Filter>Source Files</Filter>
    </None>
    <None Include="TextTableNoTranslate.a">
      <Filter>Source Files</Filter>
    </None>
    <None Include="GameToAnimationDefines.a">
      <Filter>Source Files</Filter>
    </None>
    <None Include="..\stdlib\VideoModes.a">
      <Filter>Header Files</Filter>
    </None>
    <None Include="..\stdlib\VideoModes_Macros.a">
      <Filter>Header Files</Filter>
    </None>
    <None Include="..\Decompression\AnimationBitmapDefines.a">
      <Filter>Source Files\Decompression</Filter>
    </None>
    <None Include="..\Decompression\Decompression.a">
      <Filter>Source Files\Decompression</Filter>
    </None>
    <None Include="..\Decompression\DecompressionP2.a">
      <Filter>Source Files\Decompression</Filter>
    </None>
    <None Include="..\Decompression\DecompressionVars.a">
      <Filter>Source Files\Decompression</Filter>
    </None>
    <None Include="..\stdlib\Initialise.a">
      <Filter>Source Files\stdlib</Filter>
    </None>
    <None Include="..\stdlib\PETSCII.a">
      <Filter>Source Files\stdlib</Filter>
    </None>
    <None Include="..\MakeCart\asm\BankSelect8K.a">
      <Filter>Header Files</Filter>
    </None>
    <None Include="ConvDeltaHMSequence.bat">
      <Filter>bat</Filter>
    </None>
    <None Include="Conv2_1.bat">
      <Filter>bat</Filter>
    </None>
    <None Include="Animation10\conv.bat">
      <Filter>bat\Animation10</Filter>
    </None>
    <None Include="Animation11\conv.bat">
      <Filter>bat\Animation11</Filter>
    </None>
    <None Include="Conv2_11.bat">
      <Filter>bat\Animation11</Filter>
    </None>
    <None Include="ConvDelta2_11.bat">
      <Filter>bat\Animation11</Filter>
    </None>
    <None Include="ConvDelta2_11_segment.bat">
      <Filter>bat\Animation11</Filter>
    </None>
    <None Include="AnimationBitmap2_11.a">
      <Filter>Source Files</Filter>
    </None>
    <None Include="ClearAnimationMemory.a">
      <Filter>Source Files</Filter>
    </None>
    <None Include="BuildIt2_11.bat">
      <Filter>bat</Filter>
    </None>
  </ItemGroup>
  <ItemGroup>
    <Text Include="Done.txt">
      <Filter>Source Files</Filter>
    </Text>
    <Text Include="TODO.txt">
      <Filter>Source Files</Filter>
    </Text>
    <Text Include="EndLogic_Intro.a">
      <Filter>Source Files</Filter>
    </Text>
  </ItemGroup>
</Project>