<?xml version="1.0" encoding="utf-8"?>
<Project ToolsVersion="4.0" xmlns="http://schemas.microsoft.com/developer/msbuild/2003">
  <ItemGroup>
    <Filter Include="Source Files">
      <UniqueIdentifier>{4FC737F1-C7A5-4376-A066-2A32D752A2FF}</UniqueIdentifier>
      <Extensions>cpp;c;cc;cxx;def;odl;idl;hpj;bat;asm;asmx</Extensions>
    </Filter>
    <Filter Include="Header Files">
      <UniqueIdentifier>{93995380-89BD-4b04-88EB-625FBE52EBFB}</UniqueIdentifier>
      <Extensions>h;hpp;hxx;hm;inl;inc;xsd</Extensions>
    </Filter>
    <Filter Include="Resource Files">
      <UniqueIdentifier>{67DA6AB6-F800-4c08-8B7A-83BB121AAD01}</UniqueIdentifier>
      <Extensions>rc;ico;cur;bmp;dlg;rc2;rct;bin;rgs;gif;jpg;jpeg;jpe;resx;tiff;tif;png;wav;mfcribbon-ms</Extensions>
    </Filter>
    <Filter Include="asm">
      <UniqueIdentifier>{0d5d97cb-ed05-4235-8880-3da8bb63d849}</UniqueIdentifier>
    </Filter>
  </ItemGroup>
  <ItemGroup>
    <ClInclude Include="common.h">
      <Filter>Header Files</Filter>
    </ClInclude>
    <ClInclude Include="Compress.h">
      <Filter>Header Files</Filter>
    </ClInclude>
    <ClInclude Include="Decompress.h">
      <Filter>Header Files</Filter>
    </ClInclude>
  </ItemGroup>
  <ItemGroup>
    <ClCompile Include="Compress.cpp">
      <Filter>Source Files</Filter>
    </ClCompile>
    <ClCompile Include="Decompress.cpp">
      <Filter>Source Files</Filter>
    </ClCompile>
    <ClCompile Include="main.cpp">
      <Filter>Source Files</Filter>
    </ClCompile>
    <ClCompile Include="..\Common\ParamToNum.cpp">
      <Filter>Source Files</Filter>
    </ClCompile>
  </ItemGroup>
  <ItemGroup>
    <None Include="RunTests.bat">
      <Filter>Source Files</Filter>
    </None>
    <None Include="..\Decompression\Decompression.a">
      <Filter>asm</Filter>
    </None>
    <None Include="..\Decompression\DecompressionP2.a">
      <Filter>asm</Filter>
    </None>
    <None Include="..\Decompression\DecompressionVars.a">
      <Filter>asm</Filter>
    </None>
    <None Include="..\Decompression\DecompressRLE.a">
      <Filter>asm</Filter>
    </None>
    <None Include="..\Decompression\TestDecompression.a">
      <Filter>asm</Filter>
    </None>
    <None Include="..\Decompression\TestDecompression2.a">
      <Filter>asm</Filter>
    </None>
    <None Include="..\Decompression\TestDecompression3.a">
      <Filter>asm</Filter>
    </None>
  </ItemGroup>
  <ItemGroup>
    <Text Include="..\Decompression\Done.txt" />
    <Text Include="..\Decompression\TODO.txt" />
  </ItemGroup>
</Project>