Microsoft Visual Studio Solution File, Format Version 10.00
# Visual Studio 2008
Project("{8BC9CEB8-8B4A-11D0-8D11-00A0C91BC942}") = "sidplay-client", "sidplay.vcproj", "{0ACEC72B-89F1-4098-A71F-94121D88362A}"
	ProjectSection(ProjectDependencies) = postProject
		{3AFB0F7C-8CFF-4440-9C12-9D4DC3A1736A} = {3AFB0F7C-8CFF-4440-9C12-9D4DC3A1736A}
		{FA4051A9-6A7A-4955-8C1D-617DBEBBDD2E} = {FA4051A9-6A7A-4955-8C1D-617DBEBBDD2E}
		{873230EA-1EBC-4B11-80B9-FD446582FA27} = {873230EA-1EBC-4B11-80B9-FD446582FA27}
		{63370DF9-1079-4428-9403-E7912DD39505} = {63370DF9-1079-4428-9403-E7912DD39505}
	EndProjectSection
EndProject
Project("{8BC9CEB8-8B4A-11D0-8D11-00A0C91BC942}") = "resid-builder", "..\..\..\sidplay-libs-2.1.1\builders\resid-builder\win\VC\resid_builder.vcproj", "{873230EA-1EBC-4B11-80B9-FD446582FA27}"
EndProject
Project("{8BC9CEB8-8B4A-11D0-8D11-00A0C91BC942}") = "hardsid-builder", "..\..\..\sidplay-libs-2.1.1\builders\hardsid-builder\win\VC\hardsid_builder.vcproj", "{FA4051A9-6A7A-4955-8C1D-617DBEBBDD2E}"
EndProject
Project("{8BC9CEB8-8B4A-11D0-8D11-00A0C91BC942}") = "sidplay", "..\..\..\sidplay-libs-2.1.1\sidplay\win\VC\libsidplay.vcproj", "{3AFB0F7C-8CFF-4440-9C12-9D4DC3A1736A}"
EndProject
Project("{8BC9CEB8-8B4A-11D0-8D11-00A0C91BC942}") = "sidutils", "..\..\..\sidplay-libs-2.1.1\utils\win\VC\libsidutils.vcproj", "{63370DF9-1079-4428-9403-E7912DD39505}"
EndProject
Global
	GlobalSection(SolutionConfigurationPlatforms) = preSolution
		Debug|Win32 = Debug|Win32
		Release|Win32 = Release|Win32
	EndGlobalSection
	GlobalSection(ProjectConfigurationPlatforms) = postSolution
		{0ACEC72B-89F1-4098-A71F-94121D88362A}.Debug|Win32.ActiveCfg = Debug|Win32
		{0ACEC72B-89F1-4098-A71F-94121D88362A}.Debug|Win32.Build.0 = Debug|Win32
		{0ACEC72B-89F1-4098-A71F-94121D88362A}.Release|Win32.ActiveCfg = Release|Win32
		{0ACEC72B-89F1-4098-A71F-94121D88362A}.Release|Win32.Build.0 = Release|Win32
		{873230EA-1EBC-4B11-80B9-FD446582FA27}.Debug|Win32.ActiveCfg = Debug|Win32
		{873230EA-1EBC-4B11-80B9-FD446582FA27}.Debug|Win32.Build.0 = Debug|Win32
		{873230EA-1EBC-4B11-80B9-FD446582FA27}.Release|Win32.ActiveCfg = Release|Win32
		{873230EA-1EBC-4B11-80B9-FD446582FA27}.Release|Win32.Build.0 = Release|Win32
		{FA4051A9-6A7A-4955-8C1D-617DBEBBDD2E}.Debug|Win32.ActiveCfg = Debug|Win32
		{FA4051A9-6A7A-4955-8C1D-617DBEBBDD2E}.Debug|Win32.Build.0 = Debug|Win32
		{FA4051A9-6A7A-4955-8C1D-617DBEBBDD2E}.Release|Win32.ActiveCfg = Release|Win32
		{FA4051A9-6A7A-4955-8C1D-617DBEBBDD2E}.Release|Win32.Build.0 = Release|Win32
		{3AFB0F7C-8CFF-4440-9C12-9D4DC3A1736A}.Debug|Win32.ActiveCfg = Debug|Win32
		{3AFB0F7C-8CFF-4440-9C12-9D4DC3A1736A}.Debug|Win32.Build.0 = Debug|Win32
		{3AFB0F7C-8CFF-4440-9C12-9D4DC3A1736A}.Release|Win32.ActiveCfg = Release|Win32
		{3AFB0F7C-8CFF-4440-9C12-9D4DC3A1736A}.Release|Win32.Build.0 = Release|Win32
		{63370DF9-1079-4428-9403-E7912DD39505}.Debug|Win32.ActiveCfg = Debug|Win32
		{63370DF9-1079-4428-9403-E7912DD39505}.Debug|Win32.Build.0 = Debug|Win32
		{63370DF9-1079-4428-9403-E7912DD39505}.Release|Win32.ActiveCfg = Release|Win32
		{63370DF9-1079-4428-9403-E7912DD39505}.Release|Win32.Build.0 = Release|Win32
	EndGlobalSection
	GlobalSection(SolutionProperties) = preSolution
		HideSolutionNode = FALSE
	EndGlobalSection
EndGlobal
