<?xml version="1.0" encoding="utf-8"?>
<Project ToolsVersion="4.0" xmlns="http://schemas.microsoft.com/developer/msbuild/2003">
  <ItemGroup>
    <None Include="FLDParalax.a" />
    <None Include="BuildIt.bat" />
    <None Include="..\..\stdlib\BASICEntry80d.a">
      <Filter>stdlib</Filter>
    </None>
    <None Include="..\..\stdlib\BASICEntry900.a">
      <Filter>stdlib</Filter>
    </None>
    <None Include="..\..\stdlib\Initialise.a">
      <Filter>stdlib</Filter>
    </None>
    <None Include="..\..\stdlib\PETSCII.a">
      <Filter>stdlib</Filter>
    </None>
    <None Include="..\..\stdlib\stdlib.a">
      <Filter>stdlib</Filter>
    </None>
    <None Include="..\..\stdlib\BASICEntry810.a">
      <Filter>stdlib</Filter>
    </None>
    <None Include="..\..\stdlib\LongBranches.a">
      <Filter>stdlib</Filter>
    </None>
    <None Include="..\..\stdlib\MemoryCopy.a">
      <Filter>stdlib</Filter>
    </None>
    <None Include="..\..\stdlib\SampleInit.a">
      <Filter>stdlib</Filter>
    </None>
    <None Include="..\..\stdlib\VideoModes.a">
      <Filter>stdlib</Filter>
    </None>
    <None Include="..\..\stdlib\VideoModes_Macros.a">
      <Filter>stdlib</Filter>
    </None>
    <None Include="Display_Macros.a" />
    <None Include="Sprites_Macros.a" />
    <None Include="Data.a" />
    <None Include="IRQSparse.a" />
    <None Include="IRQSparse2.a" />
    <None Include="_config.a" />
    <None Include="..\..\IRQTape\TapeTool\Loaders.a">
      <Filter>Tape code</Filter>
    </None>
    <None Include="..\..\IRQTape\ScrollerMusicLoader.a">
      <Filter>Tape code</Filter>
    </None>
  </ItemGroup>
  <ItemGroup>
    <Text Include="..\TODO.txt" />
    <Text Include="..\Tusari docs.txt" />
    <Text Include="Done.txt" />
  </ItemGroup>
  <ItemGroup>
    <Filter Include="stdlib">
      <UniqueIdentifier>{b1eaa868-6cf8-46ca-b59b-e5b17f35559d}</UniqueIdentifier>
    </Filter>
    <Filter Include="Tape code">
      <UniqueIdentifier>{8f8ce25a-5557-4bb3-a9a0-e9fc0e8bd06b}</UniqueIdentifier>
    </Filter>
  </ItemGroup>
</Project>