
Microsoft Visual Studio Solution File, Format Version 12.00
# Visual Studio 2012
Project("{8BC9CEB8-8B4A-11D0-8D11-00A0C91BC942}") = "Citadel2", "Citadel2.vcxproj", "{32895D4A-4A37-4B32-89F7-2E74D02C95E2}"
EndProject
Global
	GlobalSection(SolutionConfigurationPlatforms) = preSolution
		All|Win32 = All|Win32
		Citadel2|Win32 = Citadel2|Win32
		SolveRunner|Win32 = SolveRunner|Win32
	EndGlobalSection
	GlobalSection(ProjectConfigurationPlatforms) = postSolution
		{32895D4A-4A37-4B32-89F7-2E74D02C95E2}.All|Win32.ActiveCfg = All|Win32
		{32895D4A-4A37-4B32-89F7-2E74D02C95E2}.All|Win32.Build.0 = All|Win32
		{32895D4A-4A37-4B32-89F7-2E74D02C95E2}.Citadel2|Win32.ActiveCfg = Citadel2|Win32
		{32895D4A-4A37-4B32-89F7-2E74D02C95E2}.Citadel2|Win32.Build.0 = Citadel2|Win32
		{32895D4A-4A37-4B32-89F7-2E74D02C95E2}.SolveRunner|Win32.ActiveCfg = SolveRunner|Win32
		{32895D4A-4A37-4B32-89F7-2E74D02C95E2}.SolveRunner|Win32.Build.0 = SolveRunner|Win32
	EndGlobalSection
	GlobalSection(SolutionProperties) = preSolution
		HideSolutionNode = FALSE
	EndGlobalSection
EndGlobal
