<?xml version="1.0" encoding="utf-8"?>
<Project ToolsVersion="4.0" xmlns="http://schemas.microsoft.com/developer/msbuild/2003">
  <ItemGroup>
    <Filter Include="Source Files">
      <UniqueIdentifier>{4FC737F1-C7A5-4376-A066-2A32D752A2FF}</UniqueIdentifier>
      <Extensions>cpp;c;cc;cxx;def;odl;idl;hpj;bat;asm;asmx</Extensions>
    </Filter>
    <Filter Include="Source Files\nostdafx">
      <UniqueIdentifier>{6c8e1822-3b70-4c89-b165-ae8451e78034}</UniqueIdentifier>
    </Filter>
    <Filter Include="Header Files">
      <UniqueIdentifier>{93995380-89BD-4b04-88EB-625FBE52EBFB}</UniqueIdentifier>
      <Extensions>h;hpp;hxx;hm;inl;inc;xsd</Extensions>
    </Filter>
    <Filter Include="Resource Files">
      <UniqueIdentifier>{67DA6AB6-F800-4c08-8B7A-83BB121AAD01}</UniqueIdentifier>
      <Extensions>rc;ico;cur;bmp;dlg;rc2;rct;bin;rgs;gif;jpg;jpeg;jpe;resx;tiff;tif;png;wav</Extensions>
    </Filter>
    <Filter Include="6502">
      <UniqueIdentifier>{27bd23db-a2ff-4922-a3e8-3e61aad2adb8}</UniqueIdentifier>
    </Filter>
  </ItemGroup>
  <ItemGroup>
    <ClCompile Include="ChildFrm.cpp">
      <Filter>Source Files</Filter>
    </ClCompile>
    <ClCompile Include="Configuration.cpp">
      <Filter>Source Files</Filter>
    </ClCompile>
    <ClCompile Include="ExportToC64.cpp">
      <Filter>Source Files</Filter>
    </ClCompile>
    <ClCompile Include="Instrument.cpp">
      <Filter>Source Files</Filter>
    </ClCompile>
    <ClCompile Include="MainFrm.cpp">
      <Filter>Source Files</Filter>
    </ClCompile>
    <ClCompile Include="MusicStudio.cpp">
      <Filter>Source Files</Filter>
    </ClCompile>
    <ClCompile Include="MusicStudioDoc.cpp">
      <Filter>Source Files</Filter>
    </ClCompile>
    <ClCompile Include="MusicStudioDocGoatTracker.cpp">
      <Filter>Source Files</Filter>
    </ClCompile>
    <ClCompile Include="MusicStudioDocVersion0.cpp">
      <Filter>Source Files</Filter>
    </ClCompile>
    <ClCompile Include="MusicStudioDocVersion1.cpp">
      <Filter>Source Files</Filter>
    </ClCompile>
    <ClCompile Include="MusicStudioDocVersion2.cpp">
      <Filter>Source Files</Filter>
    </ClCompile>
    <ClCompile Include="MusicStudioDocVersion3.cpp">
      <Filter>Source Files</Filter>
    </ClCompile>
    <ClCompile Include="MusicStudioDocVersion4.cpp">
      <Filter>Source Files</Filter>
    </ClCompile>
    <ClCompile Include="MusicStudioDocVersion5.cpp">
      <Filter>Source Files</Filter>
    </ClCompile>
    <ClCompile Include="MusicStudioDocVersion6.cpp">
      <Filter>Source Files</Filter>
    </ClCompile>
    <ClCompile Include="MusicStudioDocVersion7.cpp">
      <Filter>Source Files</Filter>
    </ClCompile>
    <ClCompile Include="MusicStudioView.cpp">
      <Filter>Source Files</Filter>
    </ClCompile>
    <ClCompile Include="MusicStudioView2.cpp">
      <Filter>Source Files</Filter>
    </ClCompile>
    <ClCompile Include="OutputWnd.cpp">
      <Filter>Source Files</Filter>
    </ClCompile>
    <ClCompile Include="stdafx.cpp">
      <Filter>Source Files</Filter>
    </ClCompile>
    <ClCompile Include="TrackEditNum.cpp">
      <Filter>Source Files</Filter>
    </ClCompile>
    <ClCompile Include="ViewUtility.cpp">
      <Filter>Source Files</Filter>
    </ClCompile>
    <ClCompile Include="..\..\..\..\ReplicaNet\ReplicaNetPublic\AmalgamatedReplicaNet.cpp">
      <Filter>Source Files\nostdafx</Filter>
    </ClCompile>
    <ClCompile Include="..\MusicStudioConvert\MusicFile.cpp">
      <Filter>Source Files\nostdafx</Filter>
    </ClCompile>
    <ClCompile Include="MusicStudioDocMIDI.cpp">
      <Filter>Source Files</Filter>
    </ClCompile>
    <ClCompile Include="ImportMIDI.cpp">
      <Filter>Source Files</Filter>
    </ClCompile>
  </ItemGroup>
  <ItemGroup>
    <ClInclude Include="ChildFrm.h">
      <Filter>Header Files</Filter>
    </ClInclude>
    <ClInclude Include="Configuration.h">
      <Filter>Header Files</Filter>
    </ClInclude>
    <ClInclude Include="ExportToC64.h">
      <Filter>Header Files</Filter>
    </ClInclude>
    <ClInclude Include="..\RESID-FP\trunk\sidplay-2.0.9\src\audio\mmsystem\ExternalSystem.h">
      <Filter>Header Files</Filter>
    </ClInclude>
    <ClInclude Include="Instrument.h">
      <Filter>Header Files</Filter>
    </ClInclude>
    <ClInclude Include="MainFrm.h">
      <Filter>Header Files</Filter>
    </ClInclude>
    <ClInclude Include="..\MusicStudioConvert\MusicFile.h">
      <Filter>Header Files</Filter>
    </ClInclude>
    <ClInclude Include="MusicStudio.h">
      <Filter>Header Files</Filter>
    </ClInclude>
    <ClInclude Include="MusicStudioDoc.h">
      <Filter>Header Files</Filter>
    </ClInclude>
    <ClInclude Include="MusicStudioView.h">
      <Filter>Header Files</Filter>
    </ClInclude>
    <ClInclude Include="MusicStudioView2.h">
      <Filter>Header Files</Filter>
    </ClInclude>
    <ClInclude Include="OutputWnd.h">
      <Filter>Header Files</Filter>
    </ClInclude>
    <ClInclude Include="Resource.h">
      <Filter>Header Files</Filter>
    </ClInclude>
    <ClInclude Include="stdafx.h">
      <Filter>Header Files</Filter>
    </ClInclude>
    <ClInclude Include="targetver.h">
      <Filter>Header Files</Filter>
    </ClInclude>
    <ClInclude Include="TrackEditNum.h">
      <Filter>Header Files</Filter>
    </ClInclude>
    <ClInclude Include="ViewUtility.h">
      <Filter>Header Files</Filter>
    </ClInclude>
    <ClInclude Include="ImportMIDI.h">
      <Filter>Header Files</Filter>
    </ClInclude>
  </ItemGroup>
  <ItemGroup>
    <None Include="res\MusicStudio.ico">
      <Filter>Resource Files</Filter>
    </None>
    <None Include="res\MusicStudio.rc2">
      <Filter>Resource Files</Filter>
    </None>
    <None Include="res\MusicStudioDoc.ico">
      <Filter>Resource Files</Filter>
    </None>
    <None Include="res\MusicStudioView2.ico">
      <Filter>Resource Files</Filter>
    </None>
    <None Include="res\output_wnd.ico">
      <Filter>Resource Files</Filter>
    </None>
    <None Include="res\output_wnd_hc.ico">
      <Filter>Resource Files</Filter>
    </None>
    <None Include="res\Toolbar.bmp">
      <Filter>Resource Files</Filter>
    </None>
    <None Include="res\Toolbar256.bmp">
      <Filter>Resource Files</Filter>
    </None>
    <None Include="UserImages.bmp">
      <Filter>Resource Files</Filter>
    </None>
    <None Include="..\MusicStudioConvert\HeaderPRG.a">
      <Filter>6502</Filter>
    </None>
    <None Include="..\MusicStudioConvert\HeaderSelf.a">
      <Filter>6502</Filter>
    </None>
    <None Include="..\MusicStudioConvert\HeaderSID.a">
      <Filter>6502</Filter>
    </None>
    <None Include="..\MusicStudioConvert\HeaderSID2.a">
      <Filter>6502</Filter>
    </None>
    <None Include="..\MusicStudioConvert\MusicPlayer2.a">
      <Filter>6502</Filter>
    </None>
    <None Include="..\..\MusicPlayerTest\MusicPlayerTest.a">
      <Filter>6502</Filter>
    </None>
    <None Include="..\MusicStudioConvert\SamplePlayer.a">
      <Filter>6502</Filter>
    </None>
    <None Include="..\..\stdlib\stdlib.a">
      <Filter>6502</Filter>
    </None>
    <None Include="Done.txt" />
    <None Include="MusicStudio.reg" />
    <None Include="ReadMe.txt" />
    <None Include="TODO.txt" />
  </ItemGroup>
  <ItemGroup>
    <ResourceCompile Include="MusicStudio.rc">
      <Filter>Resource Files</Filter>
    </ResourceCompile>
  </ItemGroup>
</Project>