<?xml version="1.0" encoding="utf-8"?>
<Project ToolsVersion="4.0" xmlns="http://schemas.microsoft.com/developer/msbuild/2003">
  <ItemGroup>
    <Filter Include="Source Files">
      <UniqueIdentifier>{4FC737F1-C7A5-4376-A066-2A32D752A2FF}</UniqueIdentifier>
      <Extensions>cpp;c;cc;cxx;def;odl;idl;hpj;bat;asm;asmx</Extensions>
    </Filter>
    <Filter Include="Header Files">
      <UniqueIdentifier>{93995380-89BD-4b04-88EB-625FBE52EBFB}</UniqueIdentifier>
      <Extensions>h;hpp;hxx;hm;inl;inc;xsd</Extensions>
    </Filter>
    <Filter Include="Resource Files">
      <UniqueIdentifier>{67DA6AB6-F800-4c08-8B7A-83BB121AAD01}</UniqueIdentifier>
      <Extensions>rc;ico;cur;bmp;dlg;rc2;rct;bin;rgs;gif;jpg;jpeg;jpe;resx;tiff;tif;png;wav;mfcribbon-ms</Extensions>
    </Filter>
    <Filter Include="Source Files\autogen">
      <UniqueIdentifier>{b4d28776-cb59-45a1-9851-b355e536e835}</UniqueIdentifier>
    </Filter>
    <Filter Include="Source Files\MakeCart">
      <UniqueIdentifier>{b6e38854-ec2b-412c-86b4-168863a4b8f4}</UniqueIdentifier>
    </Filter>
    <Filter Include="features">
      <UniqueIdentifier>{a73968b9-c255-4923-aced-55cd979d88e9}</UniqueIdentifier>
    </Filter>
  </ItemGroup>
  <ItemGroup>
    <None Include="VectorPlotBitmap.a">
      <Filter>Source Files</Filter>
    </None>
    <None Include="BuildIt.bat" />
    <None Include="..\stdlib\BASICEntry80d.a">
      <Filter>Header Files</Filter>
    </None>
    <None Include="..\stdlib\BASICEntry900.a">
      <Filter>Header Files</Filter>
    </None>
    <None Include="..\stdlib\Initialise.a">
      <Filter>Header Files</Filter>
    </None>
    <None Include="..\stdlib\PETSCII.a">
      <Filter>Header Files</Filter>
    </None>
    <None Include="..\stdlib\stdlib.a">
      <Filter>Header Files</Filter>
    </None>
    <None Include="GenericSpan.a">
      <Filter>Source Files</Filter>
    </None>
    <None Include="SpanTable.a">
      <Filter>Source Files</Filter>
    </None>
    <None Include="AutoDefs_Span.a">
      <Filter>Source Files\autogen</Filter>
    </None>
    <None Include="SpanMacros.a">
      <Filter>Source Files</Filter>
    </None>
    <None Include="SpanDrawGenerate.a">
      <Filter>Source Files</Filter>
    </None>
    <None Include="SpanConfig_p0.a">
      <Filter>Source Files</Filter>
    </None>
    <None Include="SpanConfig_p1.a">
      <Filter>Source Files</Filter>
    </None>
    <None Include="SpanConfig_p2.a">
      <Filter>Source Files</Filter>
    </None>
    <None Include="SpanConfig_p3.a">
      <Filter>Source Files</Filter>
    </None>
    <None Include="SpanConfig_0.a">
      <Filter>Source Files</Filter>
    </None>
    <None Include="SpanConfig_1.a">
      <Filter>Source Files</Filter>
    </None>
    <None Include="..\MakeCart\asm\EasyFlash.a">
      <Filter>Source Files\MakeCart</Filter>
    </None>
    <None Include="..\MakeCart\asm\EasyFlash_Code.a">
      <Filter>Source Files\MakeCart</Filter>
    </None>
    <None Include="..\MakeCart\asm\EasyFlash_Macros.a">
      <Filter>Source Files\MakeCart</Filter>
    </None>
    <None Include="..\MakeCart\asm\GMod2_Code.a">
      <Filter>Source Files\MakeCart</Filter>
    </None>
    <None Include="..\MakeCart\asm\GMod2_Macros.a">
      <Filter>Source Files\MakeCart</Filter>
    </None>
    <None Include="..\MakeCart\asm\BankSelect8K.a">
      <Filter>Source Files\MakeCart</Filter>
    </None>
    <None Include="_f_index1.a">
      <Filter>Source Files\autogen</Filter>
    </None>
    <None Include="SpanConfig_2.a">
      <Filter>Source Files</Filter>
    </None>
    <None Include="features\assemble.feature">
      <Filter>features</Filter>
    </None>
    <None Include="features\SegmentAllocation.feature">
      <Filter>features</Filter>
    </None>
    <None Include="Segments.a">
      <Filter>Source Files</Filter>
    </None>
    <None Include="SegmentsVars.a">
      <Filter>Source Files</Filter>
    </None>
    <None Include="FeatureEditor.bat" />
    <None Include="features\SegmentInsert.feature">
      <Filter>features</Filter>
    </None>
    <None Include="SegmentsTest1.a">
      <Filter>Source Files</Filter>
    </None>
    <None Include="SpanCalcTest1.a">
      <Filter>Source Files</Filter>
    </None>
    <None Include="SpanCalcVars.a">
      <Filter>Source Files</Filter>
    </None>
    <None Include="SpanCalc.a">
      <Filter>Source Files</Filter>
    </None>
    <None Include="SpanCalcMem.a">
      <Filter>Source Files</Filter>
    </None>
    <None Include="SpanTableInCart.a">
      <Filter>Source Files</Filter>
    </None>
    <None Include="BitmapPlot.a">
      <Filter>Source Files</Filter>
    </None>
    <None Include="BitmapPlotMacros.a">
      <Filter>Source Files</Filter>
    </None>
    <None Include="SpanCalcMacros.a">
      <Filter>Source Files</Filter>
    </None>
    <None Include="BitmapPlotVars.a">
      <Filter>Source Files</Filter>
    </None>
    <None Include="features\BitmapPlot.feature">
      <Filter>features</Filter>
    </None>
    <None Include="SegmentsMacros.a">
      <Filter>Source Files</Filter>
    </None>
    <None Include="features\SegmentClip.feature">
      <Filter>features</Filter>
    </None>
    <None Include="features\SegmentMultiLines.feature">
      <Filter>features</Filter>
    </None>
    <None Include="SegmentsMemory.a">
      <Filter>Source Files</Filter>
    </None>
  </ItemGroup>
  <ItemGroup>
    <Text Include="TODO.txt" />
    <Text Include="Done.txt" />
  </ItemGroup>
</Project>