
Microsoft Visual Studio Solution File, Format Version 12.00
# Visual Studio 2012
Project("{8BC9CEB8-8B4A-11D0-8D11-00A0C91BC942}") = "TapeTool", "TapeTool.vcxproj", "{10483618-6A32-43CF-B0DF-FF0EB4D77A5E}"
EndProject
Project("{8BC9CEB8-8B4A-11D0-8D11-00A0C91BC942}") = "C64TAPBuild", "C64TAPBuild\C64TAPBuild.vcxproj", "{371A2879-7654-421A-99F5-A5272081553B}"
EndProject
Global
	GlobalSection(SolutionConfigurationPlatforms) = preSolution
		Debug|Win32 = Debug|Win32
		Release|Win32 = Release|Win32
	EndGlobalSection
	GlobalSection(ProjectConfigurationPlatforms) = postSolution
		{10483618-6A32-43CF-B0DF-FF0EB4D77A5E}.Debug|Win32.ActiveCfg = Debug|Win32
		{10483618-6A32-43CF-B0DF-FF0EB4D77A5E}.Debug|Win32.Build.0 = Debug|Win32
		{10483618-6A32-43CF-B0DF-FF0EB4D77A5E}.Release|Win32.ActiveCfg = Release|Win32
		{10483618-6A32-43CF-B0DF-FF0EB4D77A5E}.Release|Win32.Build.0 = Release|Win32
		{371A2879-7654-421A-99F5-A5272081553B}.Debug|Win32.ActiveCfg = Debug|Win32
		{371A2879-7654-421A-99F5-A5272081553B}.Debug|Win32.Build.0 = Debug|Win32
		{371A2879-7654-421A-99F5-A5272081553B}.Release|Win32.ActiveCfg = Debug|Win32
		{371A2879-7654-421A-99F5-A5272081553B}.Release|Win32.Build.0 = Debug|Win32
	EndGlobalSection
	GlobalSection(SolutionProperties) = preSolution
		HideSolutionNode = FALSE
	EndGlobalSection
EndGlobal
