
Microsoft Visual Studio Solution File, Format Version 12.00
# Visual Studio 2012
Project("{8BC9CEB8-8B4A-11D0-8D11-00A0C91BC942}") = "BerzerkRedux", "BerzerkRedux.vcxproj", "{9819950B-3FED-4ED4-977B-EE995E47E309}"
EndProject
Project("{8BC9CEB8-8B4A-11D0-8D11-00A0C91BC942}") = "MashSamples", "MashSamples\MashSamples.vcxproj", "{B67A5F2F-901D-4DCF-B5FB-5AC57CF4AA91}"
EndProject
Global
	GlobalSection(SolutionConfigurationPlatforms) = preSolution
		Debug|Win32 = Debug|Win32
		Release|Win32 = Release|Win32
		Template|Win32 = Template|Win32
	EndGlobalSection
	GlobalSection(ProjectConfigurationPlatforms) = postSolution
		{9819950B-3FED-4ED4-977B-EE995E47E309}.Debug|Win32.ActiveCfg = Release|Win32
		{9819950B-3FED-4ED4-977B-EE995E47E309}.Debug|Win32.Build.0 = Release|Win32
		{9819950B-3FED-4ED4-977B-EE995E47E309}.Release|Win32.ActiveCfg = Release|Win32
		{9819950B-3FED-4ED4-977B-EE995E47E309}.Release|Win32.Build.0 = Release|Win32
		{9819950B-3FED-4ED4-977B-EE995E47E309}.Template|Win32.ActiveCfg = Release|Win32
		{9819950B-3FED-4ED4-977B-EE995E47E309}.Template|Win32.Build.0 = Release|Win32
		{B67A5F2F-901D-4DCF-B5FB-5AC57CF4AA91}.Debug|Win32.ActiveCfg = Debug|Win32
		{B67A5F2F-901D-4DCF-B5FB-5AC57CF4AA91}.Debug|Win32.Build.0 = Debug|Win32
		{B67A5F2F-901D-4DCF-B5FB-5AC57CF4AA91}.Release|Win32.ActiveCfg = Release|Win32
		{B67A5F2F-901D-4DCF-B5FB-5AC57CF4AA91}.Release|Win32.Build.0 = Release|Win32
		{B67A5F2F-901D-4DCF-B5FB-5AC57CF4AA91}.Template|Win32.ActiveCfg = Template|Win32
		{B67A5F2F-901D-4DCF-B5FB-5AC57CF4AA91}.Template|Win32.Build.0 = Template|Win32
	EndGlobalSection
	GlobalSection(SolutionProperties) = preSolution
		HideSolutionNode = FALSE
	EndGlobalSection
EndGlobal
