
Microsoft Visual Studio Solution File, Format Version 12.00
# Visual Studio 2012
Project("{8BC9CEB8-8B4A-11D0-8D11-00A0C91BC942}") = "Decompression", "Decompression.vcxproj", "{4B7FD9CC-EBE8-453E-AE21-8E2977F87300}"
EndProject
Global
	GlobalSection(SolutionConfigurationPlatforms) = preSolution
		Release|Win32 = Release|Win32
	EndGlobalSection
	GlobalSection(ProjectConfigurationPlatforms) = postSolution
		{4B7FD9CC-EBE8-453E-AE21-8E2977F87300}.Release|Win32.ActiveCfg = Release|Win32
		{4B7FD9CC-EBE8-453E-AE21-8E2977F87300}.Release|Win32.Build.0 = Release|Win32
	EndGlobalSection
	GlobalSection(SolutionProperties) = preSolution
		HideSolutionNode = FALSE
	EndGlobalSection
EndGlobal
