<?xml version="1.0" encoding="utf-8"?>
<Project ToolsVersion="4.0" xmlns="http://schemas.microsoft.com/developer/msbuild/2003">
  <ItemGroup>
    <Filter Include="Source Files">
      <UniqueIdentifier>{bac8adad-e802-4c12-ad0c-16cd8498d256}</UniqueIdentifier>
      <Extensions>cpp;c;cxx;rc;def;r;odl;idl;hpj;bat</Extensions>
    </Filter>
    <Filter Include="Header Files">
      <UniqueIdentifier>{0f512ba2-cccf-43ee-9ad7-3de28293cb65}</UniqueIdentifier>
      <Extensions>h;hpp;hxx;hm;inl</Extensions>
    </Filter>
    <Filter Include="Resource Files">
      <UniqueIdentifier>{574b32a7-03f6-4320-96e6-0872b150d891}</UniqueIdentifier>
      <Extensions>ico;cur;bmp;dlg;rc2;rct;bin;rgs;gif;jpg;jpeg;jpe</Extensions>
    </Filter>
    <Filter Include="features">
      <UniqueIdentifier>{d8078f85-39aa-41f2-8766-dd3d71aba096}</UniqueIdentifier>
    </Filter>
  </ItemGroup>
  <ItemGroup>
    <CustomBuild Include="Decompression.a">
      <Filter>Source Files</Filter>
    </CustomBuild>
    <CustomBuild Include="DecompressionP2.a">
      <Filter>Source Files</Filter>
    </CustomBuild>
    <CustomBuild Include="DecompressionVars.a">
      <Filter>Source Files</Filter>
    </CustomBuild>
    <CustomBuild Include="TestDecompression.a">
      <Filter>Source Files</Filter>
    </CustomBuild>
    <CustomBuild Include="TestDecompression2.a">
      <Filter>Source Files</Filter>
    </CustomBuild>
    <CustomBuild Include="..\stdlib\BASICEntry80d.a">
      <Filter>Header Files</Filter>
    </CustomBuild>
    <CustomBuild Include="..\stdlib\stdlib.a">
      <Filter>Header Files</Filter>
    </CustomBuild>
    <CustomBuild Include="Scroller.bin">
      <Filter>Resource Files</Filter>
    </CustomBuild>
    <CustomBuild Include="Scroller.cmp">
      <Filter>Resource Files</Filter>
    </CustomBuild>
    <CustomBuild Include="TestScreen.bin">
      <Filter>Resource Files</Filter>
    </CustomBuild>
    <CustomBuild Include="TestScreen.cmp">
      <Filter>Resource Files</Filter>
    </CustomBuild>
    <CustomBuild Include="..\CleanProject.bat">
      <Filter>Source Files</Filter>
    </CustomBuild>
    <CustomBuild Include="..\CleanProjectFully.bat">
      <Filter>Source Files</Filter>
    </CustomBuild>
    <CustomBuild Include="..\CleanProjectFullyWithAttrib.bat">
      <Filter>Source Files</Filter>
    </CustomBuild>
    <CustomBuild Include="..\DoBackup.bat">
      <Filter>Source Files</Filter>
    </CustomBuild>
  </ItemGroup>
  <ItemGroup>
    <None Include="TestDecompression3.a">
      <Filter>Source Files</Filter>
    </None>
    <None Include="DecompressRLE.a">
      <Filter>Source Files</Filter>
    </None>
    <None Include="TestDecompression3RLE.a">
      <Filter>Source Files</Filter>
    </None>
    <None Include="DecompressRLEVars.a">
      <Filter>Source Files</Filter>
    </None>
    <None Include="TestDecompression3CyberLoad.a">
      <Filter>Source Files</Filter>
    </None>
    <None Include="HMOrigBoot.a">
      <Filter>Source Files</Filter>
    </None>
    <None Include="AnimationBitmapDefines.a">
      <Filter>Source Files</Filter>
    </None>
    <None Include="HMOrigDefines.a">
      <Filter>Source Files</Filter>
    </None>
    <None Include="TestDecompressionRNZip.a">
      <Filter>Source Files</Filter>
    </None>
    <None Include="features\CheckMemory.feature">
      <Filter>features</Filter>
    </None>
    <None Include="features\Checks.a">
      <Filter>features</Filter>
    </None>
    <None Include="FeatureEditor.bat">
      <Filter>Source Files</Filter>
    </None>
    <None Include="RunTests.bat">
      <Filter>Source Files</Filter>
    </None>
    <None Include="BuildData.bat">
      <Filter>Source Files</Filter>
    </None>
    <None Include="BuildDataFragment.bat">
      <Filter>Source Files</Filter>
    </None>
    <None Include="DefineDoBorderEffect.a">
      <Filter>Source Files</Filter>
    </None>
    <None Include="DefineDecompress_RNZip.a">
      <Filter>Source Files</Filter>
    </None>
    <None Include="DefineDoCheckMemory.a">
      <Filter>Source Files</Filter>
    </None>
  </ItemGroup>
  <ItemGroup>
    <Text Include="Done.txt" />
    <Text Include="TODO.txt" />
  </ItemGroup>
</Project>