<?xml version="1.0" encoding="utf-8"?>
<Project ToolsVersion="4.0" xmlns="http://schemas.microsoft.com/developer/msbuild/2003">
  <ItemGroup>
    <Filter Include="Source Files">
      <UniqueIdentifier>{a90f6a52-96b5-4f52-b4b8-77e70ff1cc80}</UniqueIdentifier>
      <Extensions>cpp;c;cxx;rc;def;r;odl;idl;hpj;bat</Extensions>
    </Filter>
    <Filter Include="Header Files">
      <UniqueIdentifier>{cc039837-673e-4617-b769-18202bb8043f}</UniqueIdentifier>
      <Extensions>h;hpp;hxx;hm;inl</Extensions>
    </Filter>
    <Filter Include="Resource Files">
      <UniqueIdentifier>{dd0a183e-0a2b-4336-9af2-c93e1a5df5d9}</UniqueIdentifier>
      <Extensions>ico;cur;bmp;dlg;rc2;rct;bin;rgs;gif;jpg;jpeg;jpe</Extensions>
    </Filter>
    <Filter Include="features">
      <UniqueIdentifier>{3ee5f5cc-32bf-4b2e-9e32-af4e2bae7f7a}</UniqueIdentifier>
    </Filter>
    <Filter Include="TestData">
      <UniqueIdentifier>{a9b7111c-3bec-4f60-b50c-cb66968d156f}</UniqueIdentifier>
    </Filter>
  </ItemGroup>
  <ItemGroup>
    <CustomBuild Include="SpriteMultiplexor.a">
      <Filter>Source Files</Filter>
    </CustomBuild>
    <CustomBuild Include="SpriteMultiplexorVars.a">
      <Filter>Source Files</Filter>
    </CustomBuild>
    <CustomBuild Include="TestMultiplexor.a">
      <Filter>Source Files</Filter>
    </CustomBuild>
    <CustomBuild Include="..\stdlib\BASICEntry900.a">
      <Filter>Header Files</Filter>
    </CustomBuild>
    <CustomBuild Include="..\stdlib\Initialise.a">
      <Filter>Header Files</Filter>
    </CustomBuild>
    <CustomBuild Include="..\stdlib\stdlib.a">
      <Filter>Header Files</Filter>
    </CustomBuild>
  </ItemGroup>
  <ItemGroup>
    <Text Include="Done.txt" />
    <Text Include="TODO.txt" />
  </ItemGroup>
  <ItemGroup>
    <None Include="README.md" />
    <None Include="SpriteMultiplexorDefaultPattern.a">
      <Filter>Source Files</Filter>
    </None>
    <None Include="features\AssemblePost.a">
      <Filter>features</Filter>
    </None>
    <None Include="features\AssemblePre.a">
      <Filter>features</Filter>
    </None>
    <None Include="features\CheckForBinaryDifferences.feature">
      <Filter>features</Filter>
    </None>
    <None Include="FeatureEditor.bat">
      <Filter>Resource Files</Filter>
    </None>
    <None Include="RunTests.bat">
      <Filter>Resource Files</Filter>
    </None>
    <None Include="TestData\TestBuildOptions1.a">
      <Filter>TestData</Filter>
    </None>
    <None Include="TestData\TestBuildOptions2.a">
      <Filter>TestData</Filter>
    </None>
    <None Include="TestData\TestBuildOptions3.a">
      <Filter>TestData</Filter>
    </None>
    <None Include="TestData\TestBuildOptions4.a">
      <Filter>TestData</Filter>
    </None>
    <None Include="TestData\TestBuildOptions5.a">
      <Filter>TestData</Filter>
    </None>
    <None Include="TestData\TestBuildOptions6.a">
      <Filter>TestData</Filter>
    </None>
    <None Include="TestData\TestBuildOptions7.a">
      <Filter>TestData</Filter>
    </None>
    <None Include="TestData\TestBuildOptions8.a">
      <Filter>TestData</Filter>
    </None>
  </ItemGroup>
</Project>