<?xml version="1.0" encoding="utf-8"?>
<Project ToolsVersion="4.0" xmlns="http://schemas.microsoft.com/developer/msbuild/2003">
  <ItemGroup>
    <Filter Include="Sources">
      <UniqueIdentifier>{c558aa55-a09c-4096-854f-68ac5a5733ed}</UniqueIdentifier>
    </Filter>
    <Filter Include="ExtLib">
      <UniqueIdentifier>{010fb7c4-74e6-45af-a07a-73722ae25399}</UniqueIdentifier>
    </Filter>
    <Filter Include="Sources\features">
      <UniqueIdentifier>{d4beff29-a1d6-4cb6-87b1-55e8fa842f41}</UniqueIdentifier>
    </Filter>
    <Filter Include="Sources\exported assets">
      <UniqueIdentifier>{2ef1ae81-c3e5-4172-89a5-d1c99afd56e7}</UniqueIdentifier>
    </Filter>
    <Filter Include="ExtLib\stdlib">
      <UniqueIdentifier>{38628743-efd6-41cc-a340-44757186051f}</UniqueIdentifier>
    </Filter>
    <Filter Include="ExtLib\Multiplexor">
      <UniqueIdentifier>{8a5f040d-559a-4b27-a425-70a926e4d3d1}</UniqueIdentifier>
    </Filter>
    <Filter Include="ExtLib\BerzerkRedux">
      <UniqueIdentifier>{ea1e6ddc-05c5-4f38-93fa-fee64eef8bd4}</UniqueIdentifier>
    </Filter>
    <Filter Include="ExtLib\Citadel2">
      <UniqueIdentifier>{5b634868-d73a-437a-b6ce-8ce6cd969499}</UniqueIdentifier>
    </Filter>
    <Filter Include="ExtLib\Scroller">
      <UniqueIdentifier>{8699e4b4-3136-4f66-908f-80fdc8ddd50d}</UniqueIdentifier>
    </Filter>
    <Filter Include="ExtLib\Cart">
      <UniqueIdentifier>{92368af5-7a0a-47e0-84b6-2cf1a6a10987}</UniqueIdentifier>
    </Filter>
    <Filter Include="ExtLib\Decompression">
      <UniqueIdentifier>{a7874f8c-6b6e-4570-8b95-98472fc76bcf}</UniqueIdentifier>
    </Filter>
    <Filter Include="Sources\Sound">
      <UniqueIdentifier>{78da5650-354c-473d-ab39-fcbf43efa1e3}</UniqueIdentifier>
    </Filter>
    <Filter Include="output">
      <UniqueIdentifier>{d88520a9-b7f6-4c2f-99b4-a46142c2bb60}</UniqueIdentifier>
    </Filter>
    <Filter Include="ExtLib\Scroller\CartCode">
      <UniqueIdentifier>{992dc989-7fec-4b5c-934f-e707a408b52e}</UniqueIdentifier>
    </Filter>
  </ItemGroup>
  <ItemGroup>
    <None Include="..\Scroller\AnimationEngine.a">
      <Filter>ExtLib\Scroller</Filter>
    </None>
    <None Include="..\Scroller\CatchUndefCartFiles.a">
      <Filter>ExtLib\Scroller</Filter>
    </None>
    <None Include="..\Scroller\CharEffects.a">
      <Filter>ExtLib\Scroller</Filter>
    </None>
    <None Include="..\Scroller\ClampScrollVelocity.a">
      <Filter>ExtLib\Scroller</Filter>
    </None>
    <None Include="..\Scroller\DataCheck.a">
      <Filter>ExtLib\Scroller</Filter>
    </None>
    <None Include="..\Scroller\LevelControl.a">
      <Filter>ExtLib\Scroller</Filter>
    </None>
    <None Include="..\Scroller\OneTime.a">
      <Filter>ExtLib\Scroller</Filter>
    </None>
    <None Include="..\Scroller\PlayerControl.a">
      <Filter>ExtLib\Scroller</Filter>
    </None>
    <None Include="..\Scroller\RunJumpDemo.a">
      <Filter>ExtLib\Scroller</Filter>
    </None>
    <None Include="..\Scroller\ScoreControl.a">
      <Filter>ExtLib\Scroller</Filter>
    </None>
    <None Include="..\Scroller\ScrollEntry.a">
      <Filter>ExtLib\Scroller</Filter>
    </None>
    <None Include="..\Scroller\ScrollEntry_MultiDirection.a">
      <Filter>ExtLib\Scroller</Filter>
    </None>
    <None Include="..\Scroller\ScrollEntry_SEUCK.a">
      <Filter>ExtLib\Scroller</Filter>
    </None>
    <None Include="..\Scroller\ScrollEntryAfter.a">
      <Filter>ExtLib\Scroller</Filter>
    </None>
    <None Include="..\Scroller\ScrollEntryCommon.a">
      <Filter>ExtLib\Scroller</Filter>
    </None>
    <None Include="..\Scroller\Scroller.a">
      <Filter>ExtLib\Scroller</Filter>
    </None>
    <None Include="..\Scroller\ScrollerAnimation.a">
      <Filter>ExtLib\Scroller</Filter>
    </None>
    <None Include="..\Scroller\ScrollerAnimationMemory.a">
      <Filter>ExtLib\Scroller</Filter>
    </None>
    <None Include="..\Scroller\ScrollerCommon.a">
      <Filter>ExtLib\Scroller</Filter>
    </None>
    <None Include="..\Scroller\ScrollerDataMacro.a">
      <Filter>ExtLib\Scroller</Filter>
    </None>
    <None Include="..\Scroller\ScrollerMacros.a">
      <Filter>ExtLib\Scroller</Filter>
    </None>
    <None Include="..\Scroller\ScrollerOptimisations.a">
      <Filter>ExtLib\Scroller</Filter>
    </None>
    <None Include="..\Scroller\ScrollerOptimisationsAggressive.a">
      <Filter>ExtLib\Scroller</Filter>
    </None>
    <None Include="..\Scroller\Scrollers.a">
      <Filter>ExtLib\Scroller</Filter>
    </None>
    <None Include="..\Scroller\ScrollerSingle.a">
      <Filter>ExtLib\Scroller</Filter>
    </None>
    <None Include="..\Scroller\ScrollerSingleH.a">
      <Filter>ExtLib\Scroller</Filter>
    </None>
    <None Include="..\Scroller\ScrollersNoColour.a">
      <Filter>ExtLib\Scroller</Filter>
    </None>
    <None Include="..\Scroller\ScrollerStripsBottom.a">
      <Filter>ExtLib\Scroller</Filter>
    </None>
    <None Include="..\Scroller\ScrollerStripsColouriseBottom.a">
      <Filter>ExtLib\Scroller</Filter>
    </None>
    <None Include="..\Scroller\ScrollerStripsColouriseLeft.a">
      <Filter>ExtLib\Scroller</Filter>
    </None>
    <None Include="..\Scroller\ScrollerStripsColouriseRight.a">
      <Filter>ExtLib\Scroller</Filter>
    </None>
    <None Include="..\Scroller\ScrollerStripsColouriseTop.a">
      <Filter>ExtLib\Scroller</Filter>
    </None>
    <None Include="..\Scroller\ScrollerStripsCommon.a">
      <Filter>ExtLib\Scroller</Filter>
    </None>
    <None Include="..\Scroller\ScrollerStripsLeft.a">
      <Filter>ExtLib\Scroller</Filter>
    </None>
    <None Include="..\Scroller\ScrollerStripsMacros.a">
      <Filter>ExtLib\Scroller</Filter>
    </None>
    <None Include="..\Scroller\ScrollerStripsRight.a">
      <Filter>ExtLib\Scroller</Filter>
    </None>
    <None Include="..\Scroller\ScrollerStripsTop.a">
      <Filter>ExtLib\Scroller</Filter>
    </None>
    <None Include="..\Scroller\ScrollerVars.a">
      <Filter>ExtLib\Scroller</Filter>
    </None>
    <None Include="..\Scroller\ScrollMain.a">
      <Filter>ExtLib\Scroller</Filter>
    </None>
    <None Include="..\Scroller\SetupIRQs.a">
      <Filter>ExtLib\Scroller</Filter>
    </None>
    <None Include="..\Scroller\SFXWithMusic.a">
      <Filter>ExtLib\Scroller</Filter>
    </None>
    <None Include="..\Scroller\SpritePosToScreenPosMacros.a">
      <Filter>ExtLib\Scroller</Filter>
    </None>
    <None Include="..\Scroller\SpritePosToScreenPosMem.a">
      <Filter>ExtLib\Scroller</Filter>
    </None>
    <None Include="..\Scroller\SpritePosToScreenPosMem2.a">
      <Filter>ExtLib\Scroller</Filter>
    </None>
    <None Include="..\Scroller\test.a">
      <Filter>ExtLib\Scroller</Filter>
    </None>
    <None Include="..\Scroller\TitleScreen.a">
      <Filter>ExtLib\Scroller</Filter>
    </None>
    <None Include="BuildIt.bat" />
    <None Include="..\Scroller\ScrollerScrollSprites.a">
      <Filter>ExtLib\Scroller</Filter>
    </None>
    <None Include="..\SpriteMultiplexor\SpriteMultiplexor.a">
      <Filter>ExtLib\Multiplexor</Filter>
    </None>
    <None Include="..\SpriteMultiplexor\SpriteMultiplexorVars.a">
      <Filter>ExtLib\Multiplexor</Filter>
    </None>
    <None Include="..\Scroller\CheckForBadScrolls.a">
      <Filter>ExtLib\Scroller</Filter>
    </None>
    <None Include="features\ActivationObject.feature">
      <Filter>Sources\features</Filter>
    </None>
    <None Include="RunTestsEditor.bat" />
    <None Include="exported assets\Level1 sprites.properties">
      <Filter>Sources\exported assets</Filter>
    </None>
    <None Include="..\BerzerkRedux\Rand.a">
      <Filter>ExtLib\BerzerkRedux</Filter>
    </None>
    <None Include="..\Citadel2\asm\Score.a">
      <Filter>ExtLib\Citadel2</Filter>
    </None>
    <None Include="..\stdlib\BASICEntry80d.a">
      <Filter>ExtLib\stdlib</Filter>
    </None>
    <None Include="..\stdlib\BASICEntry810.a">
      <Filter>ExtLib\stdlib</Filter>
    </None>
    <None Include="..\stdlib\BASICEntry900.a">
      <Filter>ExtLib\stdlib</Filter>
    </None>
    <None Include="..\stdlib\Initialise.a">
      <Filter>ExtLib\stdlib</Filter>
    </None>
    <None Include="..\stdlib\LongBranches.a">
      <Filter>ExtLib\stdlib</Filter>
    </None>
    <None Include="..\stdlib\MemoryCopy.a">
      <Filter>ExtLib\stdlib</Filter>
    </None>
    <None Include="..\stdlib\PETSCII.a">
      <Filter>ExtLib\stdlib</Filter>
    </None>
    <None Include="..\stdlib\SampleInit.a">
      <Filter>ExtLib\stdlib</Filter>
    </None>
    <None Include="..\stdlib\stdlib.a">
      <Filter>ExtLib\stdlib</Filter>
    </None>
    <None Include="..\stdlib\VideoModes.a">
      <Filter>ExtLib\stdlib</Filter>
    </None>
    <None Include="..\stdlib\VideoModes_Macros.a">
      <Filter>ExtLib\stdlib</Filter>
    </None>
    <None Include="asm\ActivationObject.a">
      <Filter>Sources</Filter>
    </None>
    <None Include="asm\ActivationObject_macros.a">
      <Filter>Sources</Filter>
    </None>
    <None Include="asm\ActivationObjectTest.a">
      <Filter>Sources</Filter>
    </None>
    <None Include="asm\Animation.a">
      <Filter>Sources</Filter>
    </None>
    <None Include="asm\Animation_macros.a">
      <Filter>Sources</Filter>
    </None>
    <None Include="asm\AnimationData.a">
      <Filter>Sources</Filter>
    </None>
    <None Include="asm\HandleUserInput.a">
      <Filter>Sources</Filter>
    </None>
    <None Include="asm\HookInclude.a">
      <Filter>Sources</Filter>
    </None>
    <None Include="asm\MapPlacementData.a">
      <Filter>Sources</Filter>
    </None>
    <None Include="asm\ScrollEntry_Tusari.a">
      <Filter>Sources</Filter>
    </None>
    <None Include="asm\ScrollerData.a">
      <Filter>Sources</Filter>
    </None>
    <None Include="asm\Tusari2Vars.a">
      <Filter>Sources</Filter>
    </None>
    <None Include="asm\UpdateSprites.a">
      <Filter>Sources</Filter>
    </None>
    <None Include="asm\Camera.a">
      <Filter>Sources</Filter>
    </None>
    <None Include="..\MakeCart\asm\BankSelect8K.a">
      <Filter>ExtLib\Cart</Filter>
    </None>
    <None Include="..\MakeCart\asm\EasyFlash.a">
      <Filter>ExtLib\Cart</Filter>
    </None>
    <None Include="..\MakeCart\asm\EasyFlash_Code.a">
      <Filter>ExtLib\Cart</Filter>
    </None>
    <None Include="..\MakeCart\asm\EasyFlash_Macros.a">
      <Filter>ExtLib\Cart</Filter>
    </None>
    <None Include="..\MakeCart\asm\GMod2_Code.a">
      <Filter>ExtLib\Cart</Filter>
    </None>
    <None Include="..\MakeCart\asm\GMod2_Macros.a">
      <Filter>ExtLib\Cart</Filter>
    </None>
    <None Include="asm\Intro.a">
      <Filter>Sources</Filter>
    </None>
    <None Include="asm\Chooser.a">
      <Filter>Sources</Filter>
    </None>
    <None Include="..\Decompression\DecompressRLE.a">
      <Filter>ExtLib\Decompression</Filter>
    </None>
    <None Include="..\Decompression\DecompressRLEVars.a">
      <Filter>ExtLib\Decompression</Filter>
    </None>
    <None Include="asm\Title.a">
      <Filter>Sources</Filter>
    </None>
    <None Include="..\Decompression\Decompression.a">
      <Filter>ExtLib\Decompression</Filter>
    </None>
    <None Include="..\Decompression\DecompressionP2.a">
      <Filter>ExtLib\Decompression</Filter>
    </None>
    <None Include="..\Decompression\DecompressionVars.a">
      <Filter>ExtLib\Decompression</Filter>
    </None>
    <None Include="Sound\buildSound.bat">
      <Filter>Sources\Sound</Filter>
    </None>
    <None Include="asm\CommonGameData.a">
      <Filter>Sources</Filter>
    </None>
    <None Include="asm\AnimationData_Player.a">
      <Filter>Sources</Filter>
    </None>
    <None Include="..\Scroller\ScrollerCommon_Tables.a">
      <Filter>ExtLib\Scroller</Filter>
    </None>
    <None Include="_f_index1.a">
      <Filter>Sources\exported assets</Filter>
    </None>
    <None Include="asm\AnimationData_Upgrades.a">
      <Filter>Sources</Filter>
    </None>
    <None Include="asm\AnimationCode_Upgrades.a">
      <Filter>Sources</Filter>
    </None>
    <None Include="asm\AnimationCode_commonMakeRespawn.a">
      <Filter>Sources</Filter>
    </None>
    <None Include="asm\AnimationData_commonMakeRespawn.a">
      <Filter>Sources</Filter>
    </None>
    <None Include="asm\AnimationData_bat.a">
      <Filter>Sources</Filter>
    </None>
    <None Include="asm\AnimationCode_bat.a">
      <Filter>Sources</Filter>
    </None>
    <None Include="..\stdlib\charpad.py">
      <Filter>ExtLib\stdlib</Filter>
    </None>
    <None Include="..\stdlib\test_charpad.py">
      <Filter>ExtLib\stdlib</Filter>
    </None>
    <None Include="..\.gitignore" />
    <None Include="exported assets\buildData.bat">
      <Filter>Sources\exported assets</Filter>
    </None>
    <None Include="exported assets\Level2 sprites.properties">
      <Filter>Sources\exported assets</Filter>
    </None>
    <None Include="exported assets\Level1Options.a">
      <Filter>Sources\exported assets</Filter>
    </None>
    <None Include="exported assets\Level2Options.a">
      <Filter>Sources\exported assets</Filter>
    </None>
    <None Include="..\Citadel2\asm\Score_Macros.a">
      <Filter>ExtLib\Citadel2</Filter>
    </None>
    <None Include="asm\AnimationCode_dragon.a">
      <Filter>Sources</Filter>
    </None>
    <None Include="asm\AnimationCode_boss.a">
      <Filter>Sources</Filter>
    </None>
    <None Include="exported assets\Level1Activation.a">
      <Filter>Sources\exported assets</Filter>
    </None>
    <None Include="exported assets\Level1Code.a">
      <Filter>Sources\exported assets</Filter>
    </None>
    <None Include="exported assets\Level1Data.a">
      <Filter>Sources\exported assets</Filter>
    </None>
    <None Include="exported assets\Level1Placement.a">
      <Filter>Sources\exported assets</Filter>
    </None>
    <None Include="exported assets\Level2Activation.a">
      <Filter>Sources\exported assets</Filter>
    </None>
    <None Include="exported assets\Level2Code.a">
      <Filter>Sources\exported assets</Filter>
    </None>
    <None Include="exported assets\Level2Data.a">
      <Filter>Sources\exported assets</Filter>
    </None>
    <None Include="exported assets\Level2Placement.a">
      <Filter>Sources\exported assets</Filter>
    </None>
    <None Include="Scroller1.pdb">
      <Filter>output</Filter>
    </None>
    <None Include="Scroller2.pdb">
      <Filter>output</Filter>
    </None>
    <None Include="bin\Chooser.pdb">
      <Filter>output</Filter>
    </None>
    <None Include="bin\Intro.pdb">
      <Filter>output</Filter>
    </None>
    <None Include="bin\Title.pdb">
      <Filter>output</Filter>
    </None>
    <None Include="..\stdlib\Comparisons.a">
      <Filter>ExtLib\stdlib</Filter>
    </None>
    <None Include="asm\NMIColourSplits.a">
      <Filter>ExtLib\Scroller</Filter>
    </None>
    <None Include="exported assets\Level1Splits.a">
      <Filter>Sources\exported assets</Filter>
    </None>
    <None Include="exported assets\Level2Splits.a">
      <Filter>Sources\exported assets</Filter>
    </None>
    <None Include="..\Scroller\CartCode\CartOpts.a">
      <Filter>ExtLib\Scroller\CartCode</Filter>
    </None>
    <None Include="..\Scroller\CartCode\Header.a">
      <Filter>ExtLib\Scroller\CartCode</Filter>
    </None>
    <None Include="..\Scroller\CartCode\HeaderEntry.a">
      <Filter>ExtLib\Scroller\CartCode</Filter>
    </None>
    <None Include="..\Scroller\CartCode\ScreenConfig.a">
      <Filter>ExtLib\Scroller\CartCode</Filter>
    </None>
    <None Include="..\Scroller\CartCode\Scroll_1.a">
      <Filter>ExtLib\Scroller\CartCode</Filter>
    </None>
    <None Include="..\Scroller\CartCode\Scroll_39.a">
      <Filter>ExtLib\Scroller\CartCode</Filter>
    </None>
    <None Include="..\Scroller\CartCode\Scroll_40.a">
      <Filter>ExtLib\Scroller\CartCode</Filter>
    </None>
    <None Include="..\Scroller\CartCode\Scroll_41.a">
      <Filter>ExtLib\Scroller\CartCode</Filter>
    </None>
    <None Include="..\Scroller\CartCode\Scroll_m1.a">
      <Filter>ExtLib\Scroller\CartCode</Filter>
    </None>
    <None Include="..\Scroller\CartCode\Scroll_m39.a">
      <Filter>ExtLib\Scroller\CartCode</Filter>
    </None>
    <None Include="..\Scroller\CartCode\Scroll_m40.a">
      <Filter>ExtLib\Scroller\CartCode</Filter>
    </None>
    <None Include="..\Scroller\CartCode\Scroll_m41.a">
      <Filter>ExtLib\Scroller\CartCode</Filter>
    </None>
    <None Include="..\Scroller\CartCode\StripsOffsets.a">
      <Filter>ExtLib\Scroller\CartCode</Filter>
    </None>
    <None Include="..\Scroller\ScrollEntryCommonVars.a">
      <Filter>ExtLib\Scroller</Filter>
    </None>
  </ItemGroup>
  <ItemGroup>
    <Text Include="TODO.txt" />
    <Text Include="Tusari docs.txt" />
    <Text Include="Done.txt" />
    <Text Include="..\Scroller\Done.txt">
      <Filter>ExtLib\Scroller</Filter>
    </Text>
    <Text Include="..\Scroller\TODO.txt">
      <Filter>ExtLib\Scroller</Filter>
    </Text>
  </ItemGroup>
  <ItemGroup>
  </ItemGroup>
</Project>