<?xml version="1.0" encoding="utf-8"?>
<Project ToolsVersion="4.0" xmlns="http://schemas.microsoft.com/developer/msbuild/2003">
  <ItemGroup>
    <Filter Include="Scroller">
      <UniqueIdentifier>{8699e4b4-3136-4f66-908f-80fdc8ddd50d}</UniqueIdentifier>
    </Filter>
    <Filter Include="Sources">
      <UniqueIdentifier>{c558aa55-a09c-4096-854f-68ac5a5733ed}</UniqueIdentifier>
    </Filter>
    <Filter Include="ExtLib">
      <UniqueIdentifier>{010fb7c4-74e6-45af-a07a-73722ae25399}</UniqueIdentifier>
    </Filter>
    <Filter Include="Multiplexor">
      <UniqueIdentifier>{8a5f040d-559a-4b27-a425-70a926e4d3d1}</UniqueIdentifier>
    </Filter>
  </ItemGroup>
  <ItemGroup>
    <None Include="..\Scroller\_f_index1.a">
      <Filter>Scroller</Filter>
    </None>
    <None Include="..\Scroller\AnimationEngine.a">
      <Filter>Scroller</Filter>
    </None>
    <None Include="..\Scroller\CatchUndefCartFiles.a">
      <Filter>Scroller</Filter>
    </None>
    <None Include="..\Scroller\CharEffects.a">
      <Filter>Scroller</Filter>
    </None>
    <None Include="..\Scroller\ClampScrollVelocity.a">
      <Filter>Scroller</Filter>
    </None>
    <None Include="..\Scroller\DataCheck.a">
      <Filter>Scroller</Filter>
    </None>
    <None Include="..\Scroller\LevelControl.a">
      <Filter>Scroller</Filter>
    </None>
    <None Include="..\Scroller\OneTime.a">
      <Filter>Scroller</Filter>
    </None>
    <None Include="..\Scroller\PlayerControl.a">
      <Filter>Scroller</Filter>
    </None>
    <None Include="..\Scroller\RunJumpDemo.a">
      <Filter>Scroller</Filter>
    </None>
    <None Include="..\Scroller\ScoreControl.a">
      <Filter>Scroller</Filter>
    </None>
    <None Include="..\Scroller\ScrollEntry.a">
      <Filter>Scroller</Filter>
    </None>
    <None Include="..\Scroller\ScrollEntry_MultiDirection.a">
      <Filter>Scroller</Filter>
    </None>
    <None Include="..\Scroller\ScrollEntry_SEUCK.a">
      <Filter>Scroller</Filter>
    </None>
    <None Include="..\Scroller\ScrollEntryAfter.a">
      <Filter>Scroller</Filter>
    </None>
    <None Include="..\Scroller\ScrollEntryCommon.a">
      <Filter>Scroller</Filter>
    </None>
    <None Include="..\Scroller\Scroller.a">
      <Filter>Scroller</Filter>
    </None>
    <None Include="..\Scroller\ScrollerAnimation.a">
      <Filter>Scroller</Filter>
    </None>
    <None Include="..\Scroller\ScrollerAnimationMemory.a">
      <Filter>Scroller</Filter>
    </None>
    <None Include="..\Scroller\ScrollerCommon.a">
      <Filter>Scroller</Filter>
    </None>
    <None Include="..\Scroller\ScrollerDataMacro.a">
      <Filter>Scroller</Filter>
    </None>
    <None Include="..\Scroller\ScrollerMacros.a">
      <Filter>Scroller</Filter>
    </None>
    <None Include="..\Scroller\ScrollerOptimisations.a">
      <Filter>Scroller</Filter>
    </None>
    <None Include="..\Scroller\ScrollerOptimisationsAggressive.a">
      <Filter>Scroller</Filter>
    </None>
    <None Include="..\Scroller\Scrollers.a">
      <Filter>Scroller</Filter>
    </None>
    <None Include="..\Scroller\ScrollerSingle.a">
      <Filter>Scroller</Filter>
    </None>
    <None Include="..\Scroller\ScrollerSingleH.a">
      <Filter>Scroller</Filter>
    </None>
    <None Include="..\Scroller\ScrollersNoColour.a">
      <Filter>Scroller</Filter>
    </None>
    <None Include="..\Scroller\ScrollerStripsBottom.a">
      <Filter>Scroller</Filter>
    </None>
    <None Include="..\Scroller\ScrollerStripsColouriseBottom.a">
      <Filter>Scroller</Filter>
    </None>
    <None Include="..\Scroller\ScrollerStripsColouriseLeft.a">
      <Filter>Scroller</Filter>
    </None>
    <None Include="..\Scroller\ScrollerStripsColouriseRight.a">
      <Filter>Scroller</Filter>
    </None>
    <None Include="..\Scroller\ScrollerStripsColouriseTop.a">
      <Filter>Scroller</Filter>
    </None>
    <None Include="..\Scroller\ScrollerStripsCommon.a">
      <Filter>Scroller</Filter>
    </None>
    <None Include="..\Scroller\ScrollerStripsLeft.a">
      <Filter>Scroller</Filter>
    </None>
    <None Include="..\Scroller\ScrollerStripsMacros.a">
      <Filter>Scroller</Filter>
    </None>
    <None Include="..\Scroller\ScrollerStripsRight.a">
      <Filter>Scroller</Filter>
    </None>
    <None Include="..\Scroller\ScrollerStripsTop.a">
      <Filter>Scroller</Filter>
    </None>
    <None Include="..\Scroller\ScrollerVars.a">
      <Filter>Scroller</Filter>
    </None>
    <None Include="..\Scroller\ScrollMain.a">
      <Filter>Scroller</Filter>
    </None>
    <None Include="..\Scroller\SetupIRQs.a">
      <Filter>Scroller</Filter>
    </None>
    <None Include="..\Scroller\SFXWithMusic.a">
      <Filter>Scroller</Filter>
    </None>
    <None Include="..\Scroller\SpritePosToScreenPosMacros.a">
      <Filter>Scroller</Filter>
    </None>
    <None Include="..\Scroller\SpritePosToScreenPosMem.a">
      <Filter>Scroller</Filter>
    </None>
    <None Include="..\Scroller\SpritePosToScreenPosMem2.a">
      <Filter>Scroller</Filter>
    </None>
    <None Include="..\Scroller\test.a">
      <Filter>Scroller</Filter>
    </None>
    <None Include="..\Scroller\TitleScreen.a">
      <Filter>Scroller</Filter>
    </None>
    <None Include="BuildIt.bat" />
    <None Include="..\Scroller\ScrollerScrollSprites.a">
      <Filter>Scroller</Filter>
    </None>
    <None Include="Animation.a">
      <Filter>Sources</Filter>
    </None>
    <None Include="HookInclude.a">
      <Filter>Sources</Filter>
    </None>
    <None Include="ScrollEntry_Tusari.a">
      <Filter>Sources</Filter>
    </None>
    <None Include="ScrollerData.a">
      <Filter>Sources</Filter>
    </None>
    <None Include="..\stdlib\BASICEntry80d.a">
      <Filter>ExtLib</Filter>
    </None>
    <None Include="..\stdlib\BASICEntry810.a">
      <Filter>ExtLib</Filter>
    </None>
    <None Include="..\stdlib\BASICEntry900.a">
      <Filter>ExtLib</Filter>
    </None>
    <None Include="..\stdlib\Initialise.a">
      <Filter>ExtLib</Filter>
    </None>
    <None Include="..\stdlib\LongBranches.a">
      <Filter>ExtLib</Filter>
    </None>
    <None Include="..\stdlib\MemoryCopy.a">
      <Filter>ExtLib</Filter>
    </None>
    <None Include="..\stdlib\PETSCII.a">
      <Filter>ExtLib</Filter>
    </None>
    <None Include="..\stdlib\SampleInit.a">
      <Filter>ExtLib</Filter>
    </None>
    <None Include="..\stdlib\stdlib.a">
      <Filter>ExtLib</Filter>
    </None>
    <None Include="..\stdlib\VideoModes.a">
      <Filter>ExtLib</Filter>
    </None>
    <None Include="..\stdlib\VideoModes_Macros.a">
      <Filter>ExtLib</Filter>
    </None>
    <None Include="Animation_macros.a">
      <Filter>Sources</Filter>
    </None>
    <None Include="UpdateSprites.a">
      <Filter>Sources</Filter>
    </None>
    <None Include="HandleUserInput.a">
      <Filter>Sources</Filter>
    </None>
    <None Include="..\SpriteMultiplexor\SpriteMultiplexor.a">
      <Filter>Multiplexor</Filter>
    </None>
    <None Include="..\SpriteMultiplexor\SpriteMultiplexorVars.a">
      <Filter>Multiplexor</Filter>
    </None>
    <None Include="..\Scroller\CheckForBadScrolls.a">
      <Filter>Scroller</Filter>
    </None>
    <None Include="AnimationData.a">
      <Filter>Sources</Filter>
    </None>
  </ItemGroup>
  <ItemGroup>
    <Text Include="TODO.txt" />
    <Text Include="Tusari docs.txt" />
    <Text Include="Done.txt" />
    <Text Include="ActivationObject.a">
      <Filter>Sources</Filter>
    </Text>
  </ItemGroup>
  <ItemGroup>
  </ItemGroup>
</Project>