
Microsoft Visual Studio Solution File, Format Version 12.00
# Visual Studio 2012
Project("{8BC9CEB8-8B4A-11D0-8D11-00A0C91BC942}") = "Animation", "Animation.vcxproj", "{EDECC7FE-C3B9-4BE2-93DA-B91F46C030B9}"
EndProject
Global
	GlobalSection(SolutionConfigurationPlatforms) = preSolution
		Release CRT|Win32 = Release CRT|Win32
		Release|Win32 = Release|Win32
	EndGlobalSection
	GlobalSection(ProjectConfigurationPlatforms) = postSolution
		{EDECC7FE-C3B9-4BE2-93DA-B91F46C030B9}.Release CRT|Win32.ActiveCfg = Release CRT|Win32
		{EDECC7FE-C3B9-4BE2-93DA-B91F46C030B9}.Release CRT|Win32.Build.0 = Release CRT|Win32
		{EDECC7FE-C3B9-4BE2-93DA-B91F46C030B9}.Release|Win32.ActiveCfg = Release CRT|Win32
		{EDECC7FE-C3B9-4BE2-93DA-B91F46C030B9}.Release|Win32.Build.0 = Release CRT|Win32
	EndGlobalSection
	GlobalSection(SolutionProperties) = preSolution
		HideSolutionNode = FALSE
	EndGlobalSection
EndGlobal
