<?xml version="1.0" encoding="utf-8"?>
<Project ToolsVersion="4.0" xmlns="http://schemas.microsoft.com/developer/msbuild/2003">
  <ItemGroup>
    <Filter Include="Source Files">
      <UniqueIdentifier>{65f08670-8074-4c0d-85f0-9ba740af78c2}</UniqueIdentifier>
      <Extensions>cpp;c;cxx;rc;def;r;odl;idl;hpj;bat</Extensions>
    </Filter>
    <Filter Include="Header Files">
      <UniqueIdentifier>{5392a1e6-22dd-4351-89ef-992e1755233e}</UniqueIdentifier>
      <Extensions>h;hpp;hxx;hm;inl</Extensions>
    </Filter>
    <Filter Include="Resource Files">
      <UniqueIdentifier>{49dccdd7-d7eb-454e-801b-fe3169f14403}</UniqueIdentifier>
      <Extensions>ico;cur;bmp;dlg;rc2;rct;bin;rgs;gif;jpg;jpeg;jpe</Extensions>
    </Filter>
  </ItemGroup>
  <ItemGroup>
    <CustomBuild Include="Animation.a">
      <Filter>Source Files</Filter>
    </CustomBuild>
    <CustomBuild Include="Conv.bat">
      <Filter>Source Files</Filter>
    </CustomBuild>
    <CustomBuild Include="ConvFrame.bat">
      <Filter>Source Files</Filter>
    </CustomBuild>
    <CustomBuild Include="..\stdlib\Initialise.a">
      <Filter>Header Files</Filter>
    </CustomBuild>
    <CustomBuild Include="..\SpriteMultiplexor\SpriteMultiplexor.a">
      <Filter>Header Files</Filter>
    </CustomBuild>
    <CustomBuild Include="..\SpriteMultiplexor\SpriteMultiplexorVars.a">
      <Filter>Header Files</Filter>
    </CustomBuild>
    <CustomBuild Include="..\stdlib\stdlib.a">
      <Filter>Header Files</Filter>
    </CustomBuild>
    <CustomBuild Include="BuildIt.bat">
      <Filter>Source Files</Filter>
    </CustomBuild>
    <CustomBuild Include="..\CleanProject.bat">
      <Filter>Source Files</Filter>
    </CustomBuild>
    <CustomBuild Include="..\CleanProjectFully.bat">
      <Filter>Source Files</Filter>
    </CustomBuild>
    <CustomBuild Include="..\CleanProjectFullyWithAttrib.bat">
      <Filter>Source Files</Filter>
    </CustomBuild>
    <CustomBuild Include="..\DoBackup.bat">
      <Filter>Source Files</Filter>
    </CustomBuild>
    <CustomBuild Include="TODO.txt" />
  </ItemGroup>
  <ItemGroup>
    <None Include="..\MakeCart\asm\EasyFlash.a">
      <Filter>Header Files</Filter>
    </None>
    <None Include="DeltaDecompression.a">
      <Filter>Source Files</Filter>
    </None>
    <None Include="DeltaDecompressionMacros.a">
      <Filter>Source Files</Filter>
    </None>
  </ItemGroup>
</Project>