
Microsoft Visual Studio Solution File, Format Version 12.00
# Visual Studio 2012
Project("{8BC9CEB8-8B4A-11D0-8D11-00A0C91BC942}") = "Scroller", "Scroller.vcxproj", "{C820702E-E7E6-4326-8813-886CEE09D50C}"
EndProject
Global
	GlobalSection(SolutionConfigurationPlatforms) = preSolution
		MultiDirection|Win32 = MultiDirection|Win32
		SEUCK|Win32 = SEUCK|Win32
	EndGlobalSection
	GlobalSection(ProjectConfigurationPlatforms) = postSolution
		{C820702E-E7E6-4326-8813-886CEE09D50C}.MultiDirection|Win32.ActiveCfg = MultiDirection|Win32
		{C820702E-E7E6-4326-8813-886CEE09D50C}.MultiDirection|Win32.Build.0 = MultiDirection|Win32
		{C820702E-E7E6-4326-8813-886CEE09D50C}.SEUCK|Win32.ActiveCfg = SEUCK|Win32
		{C820702E-E7E6-4326-8813-886CEE09D50C}.SEUCK|Win32.Build.0 = SEUCK|Win32
	EndGlobalSection
	GlobalSection(SolutionProperties) = preSolution
		HideSolutionNode = FALSE
	EndGlobalSection
EndGlobal
