
Microsoft Visual Studio Solution File, Format Version 12.00
# Visual Studio 15
VisualStudioVersion = 15.0.28307.1082
MinimumVisualStudioVersion = 10.0.40219.1
Project("{8BC9CEB8-8B4A-11D0-8D11-00A0C91BC942}") = "UnSwizzleBlocks", "UnSwizzleBlocks\UnSwizzleBlocks.vcxproj", "{33D65EDF-A37D-454E-8189-BD26CCD47475}"
EndProject
Project("{2150E333-8FDC-42A3-9474-1A3956D46DE8}") = "Solution Items", "Solution Items", "{1CC4DD62-402C-4FE4-85F0-BB520E1041C6}"
	ProjectSection(SolutionItems) = preProject
		..\TODO.txt = ..\TODO.txt
		..\Tusari docs.txt = ..\Tusari docs.txt
	EndProjectSection
EndProject
Project("{8BC9CEB8-8B4A-11D0-8D11-00A0C91BC942}") = "FlattenMap", "FlattenMap\FlattenMap.vcxproj", "{EB5E8B15-0A3F-4384-84A1-C91536016733}"
EndProject
Global
	GlobalSection(SolutionConfigurationPlatforms) = preSolution
		Debug|x64 = Debug|x64
		Debug|x86 = Debug|x86
		Release|x64 = Release|x64
		Release|x86 = Release|x86
	EndGlobalSection
	GlobalSection(ProjectConfigurationPlatforms) = postSolution
		{33D65EDF-A37D-454E-8189-BD26CCD47475}.Debug|x64.ActiveCfg = Debug|x64
		{33D65EDF-A37D-454E-8189-BD26CCD47475}.Debug|x64.Build.0 = Debug|x64
		{33D65EDF-A37D-454E-8189-BD26CCD47475}.Debug|x86.ActiveCfg = Debug|Win32
		{33D65EDF-A37D-454E-8189-BD26CCD47475}.Debug|x86.Build.0 = Debug|Win32
		{33D65EDF-A37D-454E-8189-BD26CCD47475}.Release|x64.ActiveCfg = Release|x64
		{33D65EDF-A37D-454E-8189-BD26CCD47475}.Release|x64.Build.0 = Release|x64
		{33D65EDF-A37D-454E-8189-BD26CCD47475}.Release|x86.ActiveCfg = Release|Win32
		{33D65EDF-A37D-454E-8189-BD26CCD47475}.Release|x86.Build.0 = Release|Win32
		{EB5E8B15-0A3F-4384-84A1-C91536016733}.Debug|x64.ActiveCfg = Debug|x64
		{EB5E8B15-0A3F-4384-84A1-C91536016733}.Debug|x64.Build.0 = Debug|x64
		{EB5E8B15-0A3F-4384-84A1-C91536016733}.Debug|x86.ActiveCfg = Debug|Win32
		{EB5E8B15-0A3F-4384-84A1-C91536016733}.Debug|x86.Build.0 = Debug|Win32
		{EB5E8B15-0A3F-4384-84A1-C91536016733}.Release|x64.ActiveCfg = Release|x64
		{EB5E8B15-0A3F-4384-84A1-C91536016733}.Release|x64.Build.0 = Release|x64
		{EB5E8B15-0A3F-4384-84A1-C91536016733}.Release|x86.ActiveCfg = Release|Win32
		{EB5E8B15-0A3F-4384-84A1-C91536016733}.Release|x86.Build.0 = Release|Win32
	EndGlobalSection
	GlobalSection(SolutionProperties) = preSolution
		HideSolutionNode = FALSE
	EndGlobalSection
	GlobalSection(ExtensibilityGlobals) = postSolution
		SolutionGuid = {47B109FD-6A11-4DF1-94E8-E99797900E39}
	EndGlobalSection
EndGlobal
