
Microsoft Visual Studio Solution File, Format Version 12.00
# Visual Studio 2012
Project("{8BC9CEB8-8B4A-11D0-8D11-00A0C91BC942}") = "IRQDisk", "IRQDisk.vcxproj", "{09ABC688-3B26-4D90-B64A-377E2BA9C745}"
EndProject
Global
	GlobalSection(SolutionConfigurationPlatforms) = preSolution
		Release|Win32 = Release|Win32
	EndGlobalSection
	GlobalSection(ProjectConfigurationPlatforms) = postSolution
		{09ABC688-3B26-4D90-B64A-377E2BA9C745}.Release|Win32.ActiveCfg = Release|Win32
		{09ABC688-3B26-4D90-B64A-377E2BA9C745}.Release|Win32.Build.0 = Release|Win32
	EndGlobalSection
	GlobalSection(SolutionProperties) = preSolution
		HideSolutionNode = FALSE
	EndGlobalSection
EndGlobal
