
Microsoft Visual Studio Solution File, Format Version 12.00
# Visual Studio 15
VisualStudioVersion = 15.0.28010.2036
MinimumVisualStudioVersion = 10.0.40219.1
Project("{8BC9CEB8-8B4A-11D0-8D11-00A0C91BC942}") = "VideoHardware", "VideoHardware.vcxproj", "{27D29CFF-98DE-4C02-861B-692C3A70E92E}"
EndProject
Project("{8BC9CEB8-8B4A-11D0-8D11-00A0C91BC942}") = "OutrunRoadGenerator", "OutrunRoadGenerator\OutrunRoadGenerator.vcxproj", "{47829674-1597-4F63-9276-06E7A680567E}"
EndProject
Global
	GlobalSection(SolutionConfigurationPlatforms) = preSolution
		Debug|x64 = Debug|x64
		Debug|x86 = Debug|x86
		Release|x64 = Release|x64
		Release|x86 = Release|x86
		Release10|x64 = Release10|x64
		Release10|x86 = Release10|x86
		Release11|x64 = Release11|x64
		Release11|x86 = Release11|x86
		Release12|x64 = Release12|x64
		Release12|x86 = Release12|x86
		Release13|x64 = Release13|x64
		Release13|x86 = Release13|x86
		Release14|x64 = Release14|x64
		Release14|x86 = Release14|x86
		Release15|x64 = Release15|x64
		Release15|x86 = Release15|x86
		Release3|x64 = Release3|x64
		Release3|x86 = Release3|x86
		Release3Anim|x64 = Release3Anim|x64
		Release3Anim|x86 = Release3Anim|x86
		Release3MultiplexAPU|x64 = Release3MultiplexAPU|x64
		Release3MultiplexAPU|x86 = Release3MultiplexAPU|x86
		Release3MultiplexTimer|x64 = Release3MultiplexTimer|x64
		Release3MultiplexTimer|x86 = Release3MultiplexTimer|x86
		Release4|x64 = Release4|x64
		Release4|x86 = Release4|x86
		Release5|x64 = Release5|x64
		Release5|x86 = Release5|x86
		Release6|x64 = Release6|x64
		Release6|x86 = Release6|x86
		Release6b|x64 = Release6b|x64
		Release6b|x86 = Release6b|x86
		Release6c|x64 = Release6c|x64
		Release6c|x86 = Release6c|x86
		Release7|x64 = Release7|x64
		Release7|x86 = Release7|x86
		Release9|x64 = Release9|x64
		Release9|x86 = Release9|x86
	EndGlobalSection
	GlobalSection(ProjectConfigurationPlatforms) = postSolution
		{27D29CFF-98DE-4C02-861B-692C3A70E92E}.Debug|x64.ActiveCfg = Release4_8|Win32
		{27D29CFF-98DE-4C02-861B-692C3A70E92E}.Debug|x64.Build.0 = Release4_8|Win32
		{27D29CFF-98DE-4C02-861B-692C3A70E92E}.Debug|x86.ActiveCfg = Release4_8|Win32
		{27D29CFF-98DE-4C02-861B-692C3A70E92E}.Release|x64.ActiveCfg = Release|Win32
		{27D29CFF-98DE-4C02-861B-692C3A70E92E}.Release|x86.ActiveCfg = Release|Win32
		{27D29CFF-98DE-4C02-861B-692C3A70E92E}.Release|x86.Build.0 = Release|Win32
		{27D29CFF-98DE-4C02-861B-692C3A70E92E}.Release10|x64.ActiveCfg = Release10|Win32
		{27D29CFF-98DE-4C02-861B-692C3A70E92E}.Release10|x86.ActiveCfg = Release10|Win32
		{27D29CFF-98DE-4C02-861B-692C3A70E92E}.Release10|x86.Build.0 = Release10|Win32
		{27D29CFF-98DE-4C02-861B-692C3A70E92E}.Release11|x64.ActiveCfg = Release11|Win32
		{27D29CFF-98DE-4C02-861B-692C3A70E92E}.Release11|x86.ActiveCfg = Release11|Win32
		{27D29CFF-98DE-4C02-861B-692C3A70E92E}.Release11|x86.Build.0 = Release11|Win32
		{27D29CFF-98DE-4C02-861B-692C3A70E92E}.Release12|x64.ActiveCfg = Release12|Win32
		{27D29CFF-98DE-4C02-861B-692C3A70E92E}.Release12|x86.ActiveCfg = Release12|Win32
		{27D29CFF-98DE-4C02-861B-692C3A70E92E}.Release12|x86.Build.0 = Release12|Win32
		{27D29CFF-98DE-4C02-861B-692C3A70E92E}.Release13|x64.ActiveCfg = Release13|Win32
		{27D29CFF-98DE-4C02-861B-692C3A70E92E}.Release13|x86.ActiveCfg = Release13|Win32
		{27D29CFF-98DE-4C02-861B-692C3A70E92E}.Release13|x86.Build.0 = Release13|Win32
		{27D29CFF-98DE-4C02-861B-692C3A70E92E}.Release14|x64.ActiveCfg = Release14|Win32
		{27D29CFF-98DE-4C02-861B-692C3A70E92E}.Release14|x86.ActiveCfg = Release14|Win32
		{27D29CFF-98DE-4C02-861B-692C3A70E92E}.Release14|x86.Build.0 = Release14|Win32
		{27D29CFF-98DE-4C02-861B-692C3A70E92E}.Release15|x64.ActiveCfg = Release15|Win32
		{27D29CFF-98DE-4C02-861B-692C3A70E92E}.Release15|x86.ActiveCfg = Release15|Win32
		{27D29CFF-98DE-4C02-861B-692C3A70E92E}.Release15|x86.Build.0 = Release15|Win32
		{27D29CFF-98DE-4C02-861B-692C3A70E92E}.Release3|x64.ActiveCfg = Release3|Win32
		{27D29CFF-98DE-4C02-861B-692C3A70E92E}.Release3|x86.ActiveCfg = Release3|Win32
		{27D29CFF-98DE-4C02-861B-692C3A70E92E}.Release3|x86.Build.0 = Release3|Win32
		{27D29CFF-98DE-4C02-861B-692C3A70E92E}.Release3Anim|x64.ActiveCfg = Release3Anim|Win32
		{27D29CFF-98DE-4C02-861B-692C3A70E92E}.Release3Anim|x86.ActiveCfg = Release3Anim|Win32
		{27D29CFF-98DE-4C02-861B-692C3A70E92E}.Release3Anim|x86.Build.0 = Release3Anim|Win32
		{27D29CFF-98DE-4C02-861B-692C3A70E92E}.Release3MultiplexAPU|x64.ActiveCfg = Release3MultiplexAPU|Win32
		{27D29CFF-98DE-4C02-861B-692C3A70E92E}.Release3MultiplexAPU|x86.ActiveCfg = Release3MultiplexAPU|Win32
		{27D29CFF-98DE-4C02-861B-692C3A70E92E}.Release3MultiplexAPU|x86.Build.0 = Release3MultiplexAPU|Win32
		{27D29CFF-98DE-4C02-861B-692C3A70E92E}.Release3MultiplexTimer|x64.ActiveCfg = Release3MultiplexTimer|Win32
		{27D29CFF-98DE-4C02-861B-692C3A70E92E}.Release3MultiplexTimer|x86.ActiveCfg = Release3MultiplexTimer|Win32
		{27D29CFF-98DE-4C02-861B-692C3A70E92E}.Release3MultiplexTimer|x86.Build.0 = Release3MultiplexTimer|Win32
		{27D29CFF-98DE-4C02-861B-692C3A70E92E}.Release4|x64.ActiveCfg = Release4|Win32
		{27D29CFF-98DE-4C02-861B-692C3A70E92E}.Release4|x86.ActiveCfg = Release4|Win32
		{27D29CFF-98DE-4C02-861B-692C3A70E92E}.Release4|x86.Build.0 = Release4|Win32
		{27D29CFF-98DE-4C02-861B-692C3A70E92E}.Release5|x64.ActiveCfg = Release5|Win32
		{27D29CFF-98DE-4C02-861B-692C3A70E92E}.Release5|x86.ActiveCfg = Release5|Win32
		{27D29CFF-98DE-4C02-861B-692C3A70E92E}.Release5|x86.Build.0 = Release5|Win32
		{27D29CFF-98DE-4C02-861B-692C3A70E92E}.Release6|x64.ActiveCfg = Release6|Win32
		{27D29CFF-98DE-4C02-861B-692C3A70E92E}.Release6|x86.ActiveCfg = Release6|Win32
		{27D29CFF-98DE-4C02-861B-692C3A70E92E}.Release6|x86.Build.0 = Release6|Win32
		{27D29CFF-98DE-4C02-861B-692C3A70E92E}.Release6b|x64.ActiveCfg = Release6b|Win32
		{27D29CFF-98DE-4C02-861B-692C3A70E92E}.Release6b|x86.ActiveCfg = Release6b|Win32
		{27D29CFF-98DE-4C02-861B-692C3A70E92E}.Release6b|x86.Build.0 = Release6b|Win32
		{27D29CFF-98DE-4C02-861B-692C3A70E92E}.Release6c|x64.ActiveCfg = Release6c|Win32
		{27D29CFF-98DE-4C02-861B-692C3A70E92E}.Release6c|x86.ActiveCfg = Release6c|Win32
		{27D29CFF-98DE-4C02-861B-692C3A70E92E}.Release6c|x86.Build.0 = Release6c|Win32
		{27D29CFF-98DE-4C02-861B-692C3A70E92E}.Release7|x64.ActiveCfg = Release7|Win32
		{27D29CFF-98DE-4C02-861B-692C3A70E92E}.Release7|x86.ActiveCfg = Release7|Win32
		{27D29CFF-98DE-4C02-861B-692C3A70E92E}.Release7|x86.Build.0 = Release7|Win32
		{27D29CFF-98DE-4C02-861B-692C3A70E92E}.Release9|x64.ActiveCfg = Release9|Win32
		{27D29CFF-98DE-4C02-861B-692C3A70E92E}.Release9|x86.ActiveCfg = Release9|Win32
		{27D29CFF-98DE-4C02-861B-692C3A70E92E}.Release9|x86.Build.0 = Release9|Win32
		{47829674-1597-4F63-9276-06E7A680567E}.Debug|x64.ActiveCfg = Debug|x64
		{47829674-1597-4F63-9276-06E7A680567E}.Debug|x64.Build.0 = Debug|x64
		{47829674-1597-4F63-9276-06E7A680567E}.Debug|x86.ActiveCfg = Debug|Win32
		{47829674-1597-4F63-9276-06E7A680567E}.Debug|x86.Build.0 = Debug|Win32
		{47829674-1597-4F63-9276-06E7A680567E}.Release|x64.ActiveCfg = Release|x64
		{47829674-1597-4F63-9276-06E7A680567E}.Release|x64.Build.0 = Release|x64
		{47829674-1597-4F63-9276-06E7A680567E}.Release|x86.ActiveCfg = Release|Win32
		{47829674-1597-4F63-9276-06E7A680567E}.Release10|x64.ActiveCfg = Release|x64
		{47829674-1597-4F63-9276-06E7A680567E}.Release10|x64.Build.0 = Release|x64
		{47829674-1597-4F63-9276-06E7A680567E}.Release10|x86.ActiveCfg = Release|Win32
		{47829674-1597-4F63-9276-06E7A680567E}.Release11|x64.ActiveCfg = Release|x64
		{47829674-1597-4F63-9276-06E7A680567E}.Release11|x64.Build.0 = Release|x64
		{47829674-1597-4F63-9276-06E7A680567E}.Release11|x86.ActiveCfg = Release|Win32
		{47829674-1597-4F63-9276-06E7A680567E}.Release12|x64.ActiveCfg = Release|x64
		{47829674-1597-4F63-9276-06E7A680567E}.Release12|x64.Build.0 = Release|x64
		{47829674-1597-4F63-9276-06E7A680567E}.Release12|x86.ActiveCfg = Release|Win32
		{47829674-1597-4F63-9276-06E7A680567E}.Release13|x64.ActiveCfg = Release|x64
		{47829674-1597-4F63-9276-06E7A680567E}.Release13|x64.Build.0 = Release|x64
		{47829674-1597-4F63-9276-06E7A680567E}.Release13|x86.ActiveCfg = Release|Win32
		{47829674-1597-4F63-9276-06E7A680567E}.Release14|x64.ActiveCfg = Release|x64
		{47829674-1597-4F63-9276-06E7A680567E}.Release14|x64.Build.0 = Release|x64
		{47829674-1597-4F63-9276-06E7A680567E}.Release14|x86.ActiveCfg = Release|Win32
		{47829674-1597-4F63-9276-06E7A680567E}.Release15|x64.ActiveCfg = Release|x64
		{47829674-1597-4F63-9276-06E7A680567E}.Release15|x64.Build.0 = Release|x64
		{47829674-1597-4F63-9276-06E7A680567E}.Release15|x86.ActiveCfg = Release|Win32
		{47829674-1597-4F63-9276-06E7A680567E}.Release3|x64.ActiveCfg = Release|x64
		{47829674-1597-4F63-9276-06E7A680567E}.Release3|x64.Build.0 = Release|x64
		{47829674-1597-4F63-9276-06E7A680567E}.Release3|x86.ActiveCfg = Release|Win32
		{47829674-1597-4F63-9276-06E7A680567E}.Release3Anim|x64.ActiveCfg = Release|x64
		{47829674-1597-4F63-9276-06E7A680567E}.Release3Anim|x64.Build.0 = Release|x64
		{47829674-1597-4F63-9276-06E7A680567E}.Release3Anim|x86.ActiveCfg = Release|Win32
		{47829674-1597-4F63-9276-06E7A680567E}.Release3MultiplexAPU|x64.ActiveCfg = Release|x64
		{47829674-1597-4F63-9276-06E7A680567E}.Release3MultiplexAPU|x64.Build.0 = Release|x64
		{47829674-1597-4F63-9276-06E7A680567E}.Release3MultiplexAPU|x86.ActiveCfg = Release|Win32
		{47829674-1597-4F63-9276-06E7A680567E}.Release3MultiplexTimer|x64.ActiveCfg = Release|x64
		{47829674-1597-4F63-9276-06E7A680567E}.Release3MultiplexTimer|x64.Build.0 = Release|x64
		{47829674-1597-4F63-9276-06E7A680567E}.Release3MultiplexTimer|x86.ActiveCfg = Release|Win32
		{47829674-1597-4F63-9276-06E7A680567E}.Release4|x64.ActiveCfg = Release|x64
		{47829674-1597-4F63-9276-06E7A680567E}.Release4|x64.Build.0 = Release|x64
		{47829674-1597-4F63-9276-06E7A680567E}.Release4|x86.ActiveCfg = Release|Win32
		{47829674-1597-4F63-9276-06E7A680567E}.Release5|x64.ActiveCfg = Release|x64
		{47829674-1597-4F63-9276-06E7A680567E}.Release5|x64.Build.0 = Release|x64
		{47829674-1597-4F63-9276-06E7A680567E}.Release5|x86.ActiveCfg = Release|Win32
		{47829674-1597-4F63-9276-06E7A680567E}.Release6|x64.ActiveCfg = Release|x64
		{47829674-1597-4F63-9276-06E7A680567E}.Release6|x64.Build.0 = Release|x64
		{47829674-1597-4F63-9276-06E7A680567E}.Release6|x86.ActiveCfg = Release|Win32
		{47829674-1597-4F63-9276-06E7A680567E}.Release6b|x64.ActiveCfg = Release|x64
		{47829674-1597-4F63-9276-06E7A680567E}.Release6b|x64.Build.0 = Release|x64
		{47829674-1597-4F63-9276-06E7A680567E}.Release6b|x86.ActiveCfg = Release|Win32
		{47829674-1597-4F63-9276-06E7A680567E}.Release6c|x64.ActiveCfg = Release|x64
		{47829674-1597-4F63-9276-06E7A680567E}.Release6c|x64.Build.0 = Release|x64
		{47829674-1597-4F63-9276-06E7A680567E}.Release6c|x86.ActiveCfg = Release|Win32
		{47829674-1597-4F63-9276-06E7A680567E}.Release7|x64.ActiveCfg = Release|x64
		{47829674-1597-4F63-9276-06E7A680567E}.Release7|x64.Build.0 = Release|x64
		{47829674-1597-4F63-9276-06E7A680567E}.Release7|x86.ActiveCfg = Release|Win32
		{47829674-1597-4F63-9276-06E7A680567E}.Release9|x64.ActiveCfg = Release|x64
		{47829674-1597-4F63-9276-06E7A680567E}.Release9|x64.Build.0 = Release|x64
		{47829674-1597-4F63-9276-06E7A680567E}.Release9|x86.ActiveCfg = Release|Win32
	EndGlobalSection
	GlobalSection(SolutionProperties) = preSolution
		HideSolutionNode = FALSE
	EndGlobalSection
	GlobalSection(ExtensibilityGlobals) = postSolution
		SolutionGuid = {2BEC81CC-9BE7-49CA-924B-AC11F0555BAD}
	EndGlobalSection
EndGlobal
