
Microsoft Visual Studio Solution File, Format Version 12.00
# Visual Studio 15
VisualStudioVersion = 15.0.28010.2036
MinimumVisualStudioVersion = 10.0.40219.1
Project("{8BC9CEB8-8B4A-11D0-8D11-00A0C91BC942}") = "VideoHardware", "VideoHardware.vcxproj", "{27D29CFF-98DE-4C02-861B-692C3A70E92E}"
EndProject
Global
	GlobalSection(SolutionConfigurationPlatforms) = preSolution
		Release|x86 = Release|x86
		Release3|x86 = Release3|x86
		Release3Anim|x86 = Release3Anim|x86
		Release3MultiplexAPU|x86 = Release3MultiplexAPU|x86
		Release3MultiplexTimer|x86 = Release3MultiplexTimer|x86
		Release4_8|x86 = Release4_8|x86
		Release4|x86 = Release4|x86
		Release5|x86 = Release5|x86
		Release6|x86 = Release6|x86
		Release6b|x86 = Release6b|x86
		Release7|x86 = Release7|x86
		Release9|x86 = Release9|x86
	EndGlobalSection
	GlobalSection(ProjectConfigurationPlatforms) = postSolution
		{27D29CFF-98DE-4C02-861B-692C3A70E92E}.Release|x86.ActiveCfg = Release|Win32
		{27D29CFF-98DE-4C02-861B-692C3A70E92E}.Release|x86.Build.0 = Release|Win32
		{27D29CFF-98DE-4C02-861B-692C3A70E92E}.Release3|x86.ActiveCfg = Release3|Win32
		{27D29CFF-98DE-4C02-861B-692C3A70E92E}.Release3|x86.Build.0 = Release3|Win32
		{27D29CFF-98DE-4C02-861B-692C3A70E92E}.Release3Anim|x86.ActiveCfg = Release3Anim|Win32
		{27D29CFF-98DE-4C02-861B-692C3A70E92E}.Release3Anim|x86.Build.0 = Release3Anim|Win32
		{27D29CFF-98DE-4C02-861B-692C3A70E92E}.Release3MultiplexAPU|x86.ActiveCfg = Release3MultiplexAPU|Win32
		{27D29CFF-98DE-4C02-861B-692C3A70E92E}.Release3MultiplexAPU|x86.Build.0 = Release3MultiplexAPU|Win32
		{27D29CFF-98DE-4C02-861B-692C3A70E92E}.Release3MultiplexTimer|x86.ActiveCfg = Release3MultiplexTimer|Win32
		{27D29CFF-98DE-4C02-861B-692C3A70E92E}.Release3MultiplexTimer|x86.Build.0 = Release3MultiplexTimer|Win32
		{27D29CFF-98DE-4C02-861B-692C3A70E92E}.Release4_8|x86.ActiveCfg = Release4_8|Win32
		{27D29CFF-98DE-4C02-861B-692C3A70E92E}.Release4_8|x86.Build.0 = Release4_8|Win32
		{27D29CFF-98DE-4C02-861B-692C3A70E92E}.Release4|x86.ActiveCfg = Release4|Win32
		{27D29CFF-98DE-4C02-861B-692C3A70E92E}.Release4|x86.Build.0 = Release4|Win32
		{27D29CFF-98DE-4C02-861B-692C3A70E92E}.Release5|x86.ActiveCfg = Release5|Win32
		{27D29CFF-98DE-4C02-861B-692C3A70E92E}.Release5|x86.Build.0 = Release5|Win32
		{27D29CFF-98DE-4C02-861B-692C3A70E92E}.Release6|x86.ActiveCfg = Release6|Win32
		{27D29CFF-98DE-4C02-861B-692C3A70E92E}.Release6|x86.Build.0 = Release6|Win32
		{27D29CFF-98DE-4C02-861B-692C3A70E92E}.Release6b|x86.ActiveCfg = Release6b|Win32
		{27D29CFF-98DE-4C02-861B-692C3A70E92E}.Release6b|x86.Build.0 = Release6b|Win32
		{27D29CFF-98DE-4C02-861B-692C3A70E92E}.Release7|x86.ActiveCfg = Release7|Win32
		{27D29CFF-98DE-4C02-861B-692C3A70E92E}.Release7|x86.Build.0 = Release7|Win32
		{27D29CFF-98DE-4C02-861B-692C3A70E92E}.Release9|x86.ActiveCfg = Release9|Win32
		{27D29CFF-98DE-4C02-861B-692C3A70E92E}.Release9|x86.Build.0 = Release9|Win32
	EndGlobalSection
	GlobalSection(SolutionProperties) = preSolution
		HideSolutionNode = FALSE
	EndGlobalSection
	GlobalSection(ExtensibilityGlobals) = postSolution
		SolutionGuid = {2BEC81CC-9BE7-49CA-924B-AC11F0555BAD}
	EndGlobalSection
EndGlobal
