<?xml version="1.0" encoding="utf-8"?>
<Project ToolsVersion="4.0" xmlns="http://schemas.microsoft.com/developer/msbuild/2003">
  <ItemGroup>
    <Filter Include="Source Files">
      <UniqueIdentifier>{4FC737F1-C7A5-4376-A066-2A32D752A2FF}</UniqueIdentifier>
      <Extensions>cpp;c;cc;cxx;def;odl;idl;hpj;bat;asm;asmx</Extensions>
    </Filter>
    <Filter Include="Header Files">
      <UniqueIdentifier>{93995380-89BD-4b04-88EB-625FBE52EBFB}</UniqueIdentifier>
      <Extensions>h;hh;hpp;hxx;hm;inl;inc;ipp;xsd</Extensions>
    </Filter>
    <Filter Include="Resource Files">
      <UniqueIdentifier>{67DA6AB6-F800-4c08-8B7A-83BB121AAD01}</UniqueIdentifier>
      <Extensions>rc;ico;cur;bmp;dlg;rc2;rct;bin;rgs;gif;jpg;jpeg;jpe;resx;tiff;tif;png;wav;mfcribbon-ms</Extensions>
    </Filter>
    <Filter Include="Source Files\asm">
      <UniqueIdentifier>{9392b39d-3b5d-47fe-a777-fc5234b23f55}</UniqueIdentifier>
    </Filter>
    <Filter Include="Header Files\C64">
      <UniqueIdentifier>{6981ec96-8556-4a61-a510-a2e0fdabab38}</UniqueIdentifier>
    </Filter>
    <Filter Include="Header Files\C64\stdlib">
      <UniqueIdentifier>{68e299af-1ee4-4520-a037-01406d6ce394}</UniqueIdentifier>
    </Filter>
    <Filter Include="Header Files\BombJack">
      <UniqueIdentifier>{e00c80c9-5415-4da3-bd80-37d4a6fa8e93}</UniqueIdentifier>
    </Filter>
    <Filter Include="Header Files\BombJack\stdlib">
      <UniqueIdentifier>{ce71931b-cb42-4f5b-9e4d-11543db323a9}</UniqueIdentifier>
    </Filter>
    <Filter Include="Resource Files\features">
      <UniqueIdentifier>{3222046c-deb9-418a-a490-165adf788942}</UniqueIdentifier>
    </Filter>
    <Filter Include="tmp">
      <UniqueIdentifier>{f5906e07-6162-4659-a85b-90a84d4fc1ce}</UniqueIdentifier>
    </Filter>
    <Filter Include="Resource Files\assets">
      <UniqueIdentifier>{b8f965b9-2c3a-438e-95b1-3ca2a10d3891}</UniqueIdentifier>
    </Filter>
    <Filter Include="Source Files\BerzerkRedux">
      <UniqueIdentifier>{59135770-4aa3-4dca-969c-2c70d463faa9}</UniqueIdentifier>
    </Filter>
    <Filter Include="Resource Files\assets\BatBall">
      <UniqueIdentifier>{b6dd02aa-b989-47d3-83bc-99df47d2e751}</UniqueIdentifier>
    </Filter>
    <Filter Include="Source Files\asm\BatBall">
      <UniqueIdentifier>{2c154773-3e86-41b2-b73b-903001e41e48}</UniqueIdentifier>
    </Filter>
    <Filter Include="Source Files\asm\BatBallAnim">
      <UniqueIdentifier>{1c9e9b0e-1c47-4731-ae87-322fb86dea24}</UniqueIdentifier>
    </Filter>
    <Filter Include="Source Files\asm\Turrican">
      <UniqueIdentifier>{def7362c-f6e9-41eb-8204-07a35b860df4}</UniqueIdentifier>
    </Filter>
    <Filter Include="Source Files\asm\Road">
      <UniqueIdentifier>{9ae5d9cc-b5fa-44f4-a1ec-6726e409c910}</UniqueIdentifier>
    </Filter>
    <Filter Include="Source Files\asm\ShadowBeast">
      <UniqueIdentifier>{c3ddbc61-2595-4b1a-8dc8-20d2914695f1}</UniqueIdentifier>
    </Filter>
    <Filter Include="Header Files\C64\Decompression">
      <UniqueIdentifier>{2e6b7f23-cec2-4825-a267-eed2ea867945}</UniqueIdentifier>
    </Filter>
    <Filter Include="Header Files\C64\Cart">
      <UniqueIdentifier>{c1e05b10-b5ec-4779-91bb-806a9cce0ff7}</UniqueIdentifier>
    </Filter>
    <Filter Include="Header Files\C64\VectorPlotBitmap">
      <UniqueIdentifier>{b4db12f3-d4ec-43ad-bce2-1fbe872afc1a}</UniqueIdentifier>
    </Filter>
  </ItemGroup>
  <ItemGroup>
    <None Include="README.md" />
    <None Include="BuildIt.bat" />
    <None Include="features\smoke test.feature">
      <Filter>Resource Files\features</Filter>
    </None>
    <None Include="tmp\main.map">
      <Filter>tmp</Filter>
    </None>
    <None Include="assets\clouds.tmx">
      <Filter>Resource Files\assets</Filter>
    </None>
    <None Include="assets\clouds.tsx">
      <Filter>Resource Files\assets</Filter>
    </None>
    <None Include="assets\map.tmx">
      <Filter>Resource Files\assets</Filter>
    </None>
    <None Include="assets\RPG.tsx">
      <Filter>Resource Files\assets</Filter>
    </None>
    <None Include="assets\convert.bat">
      <Filter>Resource Files\assets</Filter>
    </None>
    <None Include="features\AnimationEngine.feature">
      <Filter>Resource Files\features</Filter>
    </None>
    <None Include="FeatureEditor.bat" />
    <None Include="MakeRelease.bat" />
    <None Include="SDK README.md" />
    <None Include="assets\convert2.bat">
      <Filter>Resource Files\assets</Filter>
    </None>
    <None Include="BuildIt3.bat" />
    <None Include="assets\convert3.bat">
      <Filter>Resource Files\assets</Filter>
    </None>
    <None Include="BuildIt3Anim.bat" />
    <None Include="..\..\BombJack\README.md">
      <Filter>Header Files\BombJack</Filter>
    </None>
    <None Include="assets\convert4.bat">
      <Filter>Resource Files\assets</Filter>
    </None>
    <None Include="BuildIt4.bat" />
    <None Include="BuildIt4_8.bat" />
    <None Include="BuildIt3MultiplexTimer.bat" />
    <None Include="BuildIt3MultiplexAPU.bat" />
    <None Include="BuildIt5.bat" />
    <None Include="BuildIt6.bat" />
    <None Include="assets\convert5.bat">
      <Filter>Resource Files\assets</Filter>
    </None>
    <None Include="assets\convert6.bat">
      <Filter>Resource Files\assets</Filter>
    </None>
    <None Include="BuildIt6b.bat" />
    <None Include="BuildIt7.bat" />
    <None Include="assets\convert7.bat">
      <Filter>Resource Files\assets</Filter>
    </None>
    <None Include="assets\convert9.bat">
      <Filter>Resource Files\assets</Filter>
    </None>
    <None Include="BuildIt9.bat" />
    <None Include="BuildIt10.bat" />
    <None Include="assets\convert10.bat">
      <Filter>Resource Files\assets</Filter>
    </None>
    <None Include="assets\convert11.bat">
      <Filter>Resource Files\assets</Filter>
    </None>
    <None Include="BuildIt11.bat" />
    <None Include="BuildIt6c.bat" />
    <None Include="BuildIt12.bat" />
    <None Include="assets\convert13.bat">
      <Filter>Resource Files\assets</Filter>
    </None>
    <None Include="BuildIt13.bat" />
  </ItemGroup>
  <ItemGroup>
    <Library Include="asm\main.a">
      <Filter>Source Files\asm</Filter>
    </Library>
    <Library Include="..\stdlib\BASICEntry80d.a">
      <Filter>Header Files\C64\stdlib</Filter>
    </Library>
    <Library Include="..\stdlib\BASICEntry810.a">
      <Filter>Header Files\C64\stdlib</Filter>
    </Library>
    <Library Include="..\stdlib\BASICEntry900.a">
      <Filter>Header Files\C64\stdlib</Filter>
    </Library>
    <Library Include="..\stdlib\Initialise.a">
      <Filter>Header Files\C64\stdlib</Filter>
    </Library>
    <Library Include="..\stdlib\LongBranches.a">
      <Filter>Header Files\C64\stdlib</Filter>
    </Library>
    <Library Include="..\stdlib\MemoryCopy.a">
      <Filter>Header Files\C64\stdlib</Filter>
    </Library>
    <Library Include="..\stdlib\PETSCII.a">
      <Filter>Header Files\C64\stdlib</Filter>
    </Library>
    <Library Include="..\stdlib\SampleInit.a">
      <Filter>Header Files\C64\stdlib</Filter>
    </Library>
    <Library Include="..\stdlib\stdlib.a">
      <Filter>Header Files\C64\stdlib</Filter>
    </Library>
    <Library Include="..\stdlib\VideoModes.a">
      <Filter>Header Files\C64\stdlib</Filter>
    </Library>
    <Library Include="..\stdlib\VideoModes_Macros.a">
      <Filter>Header Files\C64\stdlib</Filter>
    </Library>
    <Library Include="..\..\BombJack\stdlib\Bus24Bit.a">
      <Filter>Header Files\BombJack\stdlib</Filter>
    </Library>
    <Library Include="tmp\spriteSheet.txt.a">
      <Filter>tmp</Filter>
    </Library>
    <Library Include="asm\AnimationEngine.a">
      <Filter>Source Files\asm</Filter>
    </Library>
    <Library Include="asm\AnimationData.a">
      <Filter>Source Files\asm</Filter>
    </Library>
    <Library Include="asm\Mode7.a">
      <Filter>Source Files\asm</Filter>
    </Library>
    <Library Include="asm\PlayerInput.a">
      <Filter>Source Files\asm</Filter>
    </Library>
    <Library Include="asm\StackedSprites.a">
      <Filter>Source Files\asm</Filter>
    </Library>
    <Library Include="asm\TileScreen.a">
      <Filter>Source Files\asm</Filter>
    </Library>
    <Library Include="..\BerzerkRedux\Rand.a">
      <Filter>Source Files\BerzerkRedux</Filter>
    </Library>
    <Library Include="asm\CharacterLogic.a">
      <Filter>Source Files\asm</Filter>
    </Library>
    <Library Include="asm\CharacterLogicData.a">
      <Filter>Source Files\asm</Filter>
    </Library>
    <Library Include="..\..\BombJack\stdlib\Music.a">
      <Filter>Header Files\BombJack\stdlib</Filter>
    </Library>
    <Library Include="tmp\BatBallspriteSheet.txt.a">
      <Filter>tmp</Filter>
    </Library>
    <Library Include="asm\main3.a">
      <Filter>Source Files\asm</Filter>
    </Library>
    <Library Include="asm\BatBall\DisplayScreen.a">
      <Filter>Source Files\asm\BatBall</Filter>
    </Library>
    <Library Include="asm\BatBall\BlockRoutines.a">
      <Filter>Source Files\asm\BatBall</Filter>
    </Library>
    <Library Include="asm\BatBall\AnimationData.a">
      <Filter>Source Files\asm\BatBall</Filter>
    </Library>
    <Library Include="asm\BatBall\Animation.a">
      <Filter>Source Files\asm\BatBall</Filter>
    </Library>
    <Library Include="asm\BatBall\Sprites.a">
      <Filter>Source Files\asm\BatBall</Filter>
    </Library>
    <Library Include="asm\BatBall\Levels.a">
      <Filter>Source Files\asm\BatBall</Filter>
    </Library>
    <Library Include="asm\main3Anim.a">
      <Filter>Source Files\asm</Filter>
    </Library>
    <Library Include="asm\BatBallAnim\DisplayScreen.a">
      <Filter>Source Files\asm\BatBallAnim</Filter>
    </Library>
    <Library Include="..\..\BombJack\stdlib\Video_Macros.a">
      <Filter>Header Files\BombJack\stdlib</Filter>
    </Library>
    <Library Include="asm\main4.a">
      <Filter>Source Files\asm</Filter>
    </Library>
    <Library Include="asm\Turrican\DisplayScreen.a">
      <Filter>Source Files\asm\Turrican</Filter>
    </Library>
    <Library Include="asm\AnimMacros.a">
      <Filter>Source Files\asm</Filter>
    </Library>
    <Library Include="tmp\TurricanSpritesSheet.txt.a">
      <Filter>tmp</Filter>
    </Library>
    <Library Include="asm\Turrican\Sprites.a">
      <Filter>Source Files\asm\Turrican</Filter>
    </Library>
    <Library Include="asm\Turrican\AnimationData.a">
      <Filter>Source Files\asm\Turrican</Filter>
    </Library>
    <Library Include="asm\Turrican\Animation.a">
      <Filter>Source Files\asm\Turrican</Filter>
    </Library>
    <Library Include="asm\Turrican\DisplayData_8.a">
      <Filter>Source Files\asm\Turrican</Filter>
    </Library>
    <Library Include="asm\Turrican\DisplayData.a">
      <Filter>Source Files\asm\Turrican</Filter>
    </Library>
    <Library Include="..\..\BombJack\stdlib\APU.a">
      <Filter>Header Files\BombJack\stdlib</Filter>
    </Library>
    <Library Include="..\..\BombJack\stdlib\APU_Macros.a">
      <Filter>Header Files\BombJack\stdlib</Filter>
    </Library>
    <Library Include="..\..\BombJack\stdlib\Bus24BitSimple.a">
      <Filter>Header Files\BombJack\stdlib</Filter>
    </Library>
    <Library Include="asm\main3MultiplexTimer.a">
      <Filter>Source Files\asm</Filter>
    </Library>
    <Library Include="asm\main3MultiplexAPU.a">
      <Filter>Source Files\asm</Filter>
    </Library>
    <Library Include="asm\main5.a">
      <Filter>Source Files\asm</Filter>
    </Library>
    <Library Include="asm\Road\DisplayData.a">
      <Filter>Source Files\asm\Road</Filter>
    </Library>
    <Library Include="asm\Road\DisplayScreen.a">
      <Filter>Source Files\asm\Road</Filter>
    </Library>
    <Library Include="asm\ShadowBeast\DisplayData.a">
      <Filter>Source Files\asm\ShadowBeast</Filter>
    </Library>
    <Library Include="asm\ShadowBeast\DisplayScreen.a">
      <Filter>Source Files\asm\ShadowBeast</Filter>
    </Library>
    <Library Include="tmp\ShadowBeastSpritesSheet.txt.a">
      <Filter>tmp</Filter>
    </Library>
    <Library Include="tmp\ShadowBeastSprites2Sheet.txt.a">
      <Filter>tmp</Filter>
    </Library>
    <Library Include="asm\ShadowBeast\Animation.a">
      <Filter>Source Files\asm\ShadowBeast</Filter>
    </Library>
    <Library Include="asm\ShadowBeast\AnimationData.a">
      <Filter>Source Files\asm\ShadowBeast</Filter>
    </Library>
    <Library Include="asm\ShadowBeast\Sprites.a">
      <Filter>Source Files\asm\ShadowBeast</Filter>
    </Library>
    <Library Include="asm\main6.a">
      <Filter>Source Files\asm</Filter>
    </Library>
    <Library Include="asm\main6b.a">
      <Filter>Source Files\asm</Filter>
    </Library>
    <Library Include="asm\ShadowBeast\APUTitle.a">
      <Filter>Source Files\asm\ShadowBeast</Filter>
    </Library>
    <Library Include="asm\ShadowBeast\APUGame.a">
      <Filter>Source Files\asm\ShadowBeast</Filter>
    </Library>
    <Library Include="asm\ShadowBeast\DisplayScreenGame.a">
      <Filter>Source Files\asm\ShadowBeast</Filter>
    </Library>
    <Library Include="asm\ShadowBeast\CommonBlimpsMoon.a">
      <Filter>Source Files\asm\ShadowBeast</Filter>
    </Library>
    <Library Include="asm\main6CommonBlimps.a">
      <Filter>Source Files\asm</Filter>
    </Library>
    <Library Include="asm\main6CommonScrolls.a">
      <Filter>Source Files\asm</Filter>
    </Library>
    <Library Include="asm\Anim_ScreenEdge.a">
      <Filter>Source Files\asm</Filter>
    </Library>
    <Library Include="asm\main7.a">
      <Filter>Source Files\asm</Filter>
    </Library>
    <Library Include="..\Decompression\DecompressRLE.a">
      <Filter>Header Files\C64\Decompression</Filter>
    </Library>
    <Library Include="..\Decompression\DecompressRLEVars.a">
      <Filter>Header Files\C64\Decompression</Filter>
    </Library>
    <Library Include="asm\DecompressRLECommon.a">
      <Filter>Source Files\asm</Filter>
    </Library>
    <Library Include="tmp\Demo7SpritesSheet.txt.a">
      <Filter>tmp</Filter>
    </Library>
    <Library Include="..\..\BombJack\stdlib\HardwareTest.a">
      <Filter>Header Files\BombJack\stdlib</Filter>
    </Library>
    <Library Include="..\..\BombJack\stdlib\Bus24Bit_Macros.a">
      <Filter>Header Files\BombJack\stdlib</Filter>
    </Library>
    <Library Include="asm\main9.a">
      <Filter>Source Files\asm</Filter>
    </Library>
    <Library Include="tmp\Demo9Sprites2Sheet.txt.a">
      <Filter>tmp</Filter>
    </Library>
    <Library Include="tmp\Demo9Sprites1Sheet.txt.a">
      <Filter>tmp</Filter>
    </Library>
    <Library Include="asm\main10.a">
      <Filter>Source Files\asm</Filter>
    </Library>
    <Library Include="tmp\Demo10SpritesSheet.txt.a">
      <Filter>tmp</Filter>
    </Library>
    <Library Include="..\stdlib\QuickSort.a">
      <Filter>Header Files\C64\stdlib</Filter>
    </Library>
    <Library Include="..\stdlib\Comparisons.a">
      <Filter>Header Files\C64\stdlib</Filter>
    </Library>
    <Library Include="tmp\Demo9Sprites1Sheet.txtVars.a">
      <Filter>tmp</Filter>
    </Library>
    <Library Include="tmp\Demo9Sprites2Sheet.txtVars.a">
      <Filter>tmp</Filter>
    </Library>
    <Library Include="asm\main11.a">
      <Filter>Source Files\asm</Filter>
    </Library>
    <Library Include="asm\GapFind.a">
      <Filter>Source Files\asm</Filter>
    </Library>
    <Library Include="asm\main6c.a">
      <Filter>Source Files\asm</Filter>
    </Library>
    <Library Include="..\MakeCart\asm\BankSelect8K.a">
      <Filter>Header Files\C64\Cart</Filter>
    </Library>
    <Library Include="..\MakeCart\asm\EasyFlash.a">
      <Filter>Header Files\C64\Cart</Filter>
    </Library>
    <Library Include="..\MakeCart\asm\EasyFlash_Code.a">
      <Filter>Header Files\C64\Cart</Filter>
    </Library>
    <Library Include="..\MakeCart\asm\EasyFlash_Macros.a">
      <Filter>Header Files\C64\Cart</Filter>
    </Library>
    <Library Include="..\MakeCart\asm\GMod2_Code.a">
      <Filter>Header Files\C64\Cart</Filter>
    </Library>
    <Library Include="..\MakeCart\asm\GMod2_Macros.a">
      <Filter>Header Files\C64\Cart</Filter>
    </Library>
    <Library Include="..\..\BombJack\stdlib\Audio.a">
      <Filter>Header Files\BombJack\stdlib</Filter>
    </Library>
    <Library Include="asm\main12.a">
      <Filter>Source Files\asm</Filter>
    </Library>
    <Library Include="..\VectorPlotBitmap\3DModels.a">
      <Filter>Header Files\C64\VectorPlotBitmap</Filter>
    </Library>
    <Library Include="..\VectorPlotBitmap\AutoDefs_Span.a">
      <Filter>Header Files\C64\VectorPlotBitmap</Filter>
    </Library>
    <Library Include="..\VectorPlotBitmap\BitmapPlot.a">
      <Filter>Header Files\C64\VectorPlotBitmap</Filter>
    </Library>
    <Library Include="..\VectorPlotBitmap\BitmapPlotMacros.a">
      <Filter>Header Files\C64\VectorPlotBitmap</Filter>
    </Library>
    <Library Include="..\VectorPlotBitmap\BitmapPlotVars.a">
      <Filter>Header Files\C64\VectorPlotBitmap</Filter>
    </Library>
    <Library Include="..\VectorPlotBitmap\GenericSpan.a">
      <Filter>Header Files\C64\VectorPlotBitmap</Filter>
    </Library>
    <Library Include="..\VectorPlotBitmap\Poly2D.a">
      <Filter>Header Files\C64\VectorPlotBitmap</Filter>
    </Library>
    <Library Include="..\VectorPlotBitmap\Poly2DMacros.a">
      <Filter>Header Files\C64\VectorPlotBitmap</Filter>
    </Library>
    <Library Include="..\VectorPlotBitmap\Poly2DMem.a">
      <Filter>Header Files\C64\VectorPlotBitmap</Filter>
    </Library>
    <Library Include="..\VectorPlotBitmap\Poly2DTest1.a">
      <Filter>Header Files\C64\VectorPlotBitmap</Filter>
    </Library>
    <Library Include="..\VectorPlotBitmap\Poly2DVars.a">
      <Filter>Header Files\C64\VectorPlotBitmap</Filter>
    </Library>
    <Library Include="..\VectorPlotBitmap\Segments.a">
      <Filter>Header Files\C64\VectorPlotBitmap</Filter>
    </Library>
    <Library Include="..\VectorPlotBitmap\SegmentsMacros.a">
      <Filter>Header Files\C64\VectorPlotBitmap</Filter>
    </Library>
    <Library Include="..\VectorPlotBitmap\SegmentsMemory.a">
      <Filter>Header Files\C64\VectorPlotBitmap</Filter>
    </Library>
    <Library Include="..\VectorPlotBitmap\SegmentsTest1.a">
      <Filter>Header Files\C64\VectorPlotBitmap</Filter>
    </Library>
    <Library Include="..\VectorPlotBitmap\SegmentsVars.a">
      <Filter>Header Files\C64\VectorPlotBitmap</Filter>
    </Library>
    <Library Include="..\VectorPlotBitmap\VectorHardware.a">
      <Filter>Header Files\C64\VectorPlotBitmap</Filter>
    </Library>
    <Library Include="..\VectorPlotBitmap\Transform.a">
      <Filter>Header Files\C64\VectorPlotBitmap</Filter>
    </Library>
    <Library Include="..\VectorPlotBitmap\TransformMacros.a">
      <Filter>Header Files\C64\VectorPlotBitmap</Filter>
    </Library>
    <Library Include="..\VectorPlotBitmap\TransformMem.a">
      <Filter>Header Files\C64\VectorPlotBitmap</Filter>
    </Library>
    <Library Include="..\VectorPlotBitmap\TransformTables.a">
      <Filter>Header Files\C64\VectorPlotBitmap</Filter>
    </Library>
    <Library Include="..\VectorPlotBitmap\TransformVars.a">
      <Filter>Header Files\C64\VectorPlotBitmap</Filter>
    </Library>
    <Library Include="..\..\BombJack\stdlib\Video.a">
      <Filter>Header Files\BombJack\stdlib</Filter>
    </Library>
    <Library Include="tmp\_f_index1.a">
      <Filter>tmp</Filter>
    </Library>
    <Library Include="asm\main13.a">
      <Filter>Source Files\asm</Filter>
    </Library>
  </ItemGroup>
  <ItemGroup>
    <Text Include="Done.txt" />
    <Text Include="TODO.txt" />
    <Text Include="tmp\map.log">
      <Filter>tmp</Filter>
    </Text>
    <Text Include="tmp\spriteSheet.txt">
      <Filter>tmp</Filter>
    </Text>
    <Text Include="tmp\BatBallspriteSheet.txt">
      <Filter>tmp</Filter>
    </Text>
    <Text Include="tmp\batball.log">
      <Filter>tmp</Filter>
    </Text>
    <Text Include="tmp\TurricanSpritesSheet.txt">
      <Filter>tmp</Filter>
    </Text>
    <Text Include="..\..\BombJack\Done.txt">
      <Filter>Header Files\BombJack</Filter>
    </Text>
    <Text Include="..\..\BombJack\TODO.txt">
      <Filter>Header Files\BombJack</Filter>
    </Text>
    <Text Include="tmp\Demo10SpritesSheet.txt">
      <Filter>tmp</Filter>
    </Text>
    <Text Include="tmp\Demo9Sprites1Sheet.txt">
      <Filter>tmp</Filter>
    </Text>
    <Text Include="tmp\Demo9Sprites2Sheet.txt">
      <Filter>tmp</Filter>
    </Text>
  </ItemGroup>
  <ItemGroup>
    <Image Include="assets\cloud tiles.png">
      <Filter>Resource Files\assets</Filter>
    </Image>
    <Image Include="assets\clouds.png">
      <Filter>Resource Files\assets</Filter>
    </Image>
    <Image Include="assets\map tiles.png">
      <Filter>Resource Files\assets</Filter>
    </Image>
    <Image Include="assets\map.png">
      <Filter>Resource Files\assets</Filter>
    </Image>
    <Image Include="assets\sprites.png">
      <Filter>Resource Files\assets</Filter>
    </Image>
    <Image Include="assets\BatBall\Blocks.png">
      <Filter>Resource Files\assets\BatBall</Filter>
    </Image>
    <Image Include="assets\BatBall\level1.png">
      <Filter>Resource Files\assets\BatBall</Filter>
    </Image>
    <Image Include="assets\BatBall\powerups.png">
      <Filter>Resource Files\assets\BatBall</Filter>
    </Image>
    <Image Include="assets\BatBall\sprites.png">
      <Filter>Resource Files\assets\BatBall</Filter>
    </Image>
    <Image Include="assets\BatBall\ShipAnim.png">
      <Filter>Resource Files\assets\BatBall</Filter>
    </Image>
  </ItemGroup>
</Project>